
Microsoft Visual Studio Solution File, Format Version 12.00
# Visual Studio Version 16
VisualStudioVersion = 16.0.28922.388
MinimumVisualStudioVersion = 10.0.40219.1
Project("{8BC9CEB8-8B4A-11D0-8D11-00A0C91BC942}") = "vk_pipe", "vk_pipe\vk_pipe.vcxproj", "{1BC3D931-B686-47FF-80B7-6D8F4BA179E8}"
EndProject
Project("{888888A0-9F3D-457C-B088-3A5042F75D52}") = "onnx_builder", "onnx_builder\onnx_builder.pyproj", "{EE5F2720-B59F-4AE8-AEBB-6F0149ABD786}"
EndProject
Project("{8BC9CEB8-8B4A-11D0-8D11-00A0C91BC942}") = "_backend", "_backend\_backend.vcxproj", "{91E2152E-2C2F-471B-9088-204EB4C55F82}"
EndProject
Project("{888888A0-9F3D-457C-B088-3A5042F75D52}") = "TestingPipeline", "TestingPipeline\TestingPipeline.pyproj", "{DC794B97-D4B1-4756-AEE3-F00F8F38332F}"
EndProject
Project("{8BC9CEB8-8B4A-11D0-8D11-00A0C91BC942}") = "c_api", "c_api\c_api.vcxproj", "{27767530-F9BA-4EE8-9A1E-19BE65DED071}"
EndProject
Global
	GlobalSection(SolutionConfigurationPlatforms) = preSolution
		Debug|Any CPU = Debug|Any CPU
		Debug|x64 = Debug|x64
		Debug|x86 = Debug|x86
		Release|Any CPU = Release|Any CPU
		Release|x64 = Release|x64
		Release|x86 = Release|x86
	EndGlobalSection
	GlobalSection(ProjectConfigurationPlatforms) = postSolution
		{1BC3D931-B686-47FF-80B7-6D8F4BA179E8}.Debug|Any CPU.ActiveCfg = Debug|Win32
		{1BC3D931-B686-47FF-80B7-6D8F4BA179E8}.Debug|x64.ActiveCfg = Debug|x64
		{1BC3D931-B686-47FF-80B7-6D8F4BA179E8}.Debug|x64.Build.0 = Debug|x64
		{1BC3D931-B686-47FF-80B7-6D8F4BA179E8}.Debug|x86.ActiveCfg = Debug|Win32
		{1BC3D931-B686-47FF-80B7-6D8F4BA179E8}.Debug|x86.Build.0 = Debug|Win32
		{1BC3D931-B686-47FF-80B7-6D8F4BA179E8}.Release|Any CPU.ActiveCfg = Release|Win32
		{1BC3D931-B686-47FF-80B7-6D8F4BA179E8}.Release|x64.ActiveCfg = Release|x64
		{1BC3D931-B686-47FF-80B7-6D8F4BA179E8}.Release|x64.Build.0 = Release|x64
		{1BC3D931-B686-47FF-80B7-6D8F4BA179E8}.Release|x86.ActiveCfg = Release|Win32
		{1BC3D931-B686-47FF-80B7-6D8F4BA179E8}.Release|x86.Build.0 = Release|Win32
		{EE5F2720-B59F-4AE8-AEBB-6F0149ABD786}.Debug|Any CPU.ActiveCfg = Debug|Any CPU
		{EE5F2720-B59F-4AE8-AEBB-6F0149ABD786}.Debug|x64.ActiveCfg = Debug|Any CPU
		{EE5F2720-B59F-4AE8-AEBB-6F0149ABD786}.Debug|x86.ActiveCfg = Debug|Any CPU
		{EE5F2720-B59F-4AE8-AEBB-6F0149ABD786}.Release|Any CPU.ActiveCfg = Release|Any CPU
		{EE5F2720-B59F-4AE8-AEBB-6F0149ABD786}.Release|x64.ActiveCfg = Release|Any CPU
		{EE5F2720-B59F-4AE8-AEBB-6F0149ABD786}.Release|x86.ActiveCfg = Release|Any CPU
		{91E2152E-2C2F-471B-9088-204EB4C55F82}.Debug|Any CPU.ActiveCfg = Debug|Win32
		{91E2152E-2C2F-471B-9088-204EB4C55F82}.Debug|x64.ActiveCfg = Debug|x64
		{91E2152E-2C2F-471B-9088-204EB4C55F82}.Debug|x64.Build.0 = Debug|x64
		{91E2152E-2C2F-471B-9088-204EB4C55F82}.Debug|x86.ActiveCfg = Debug|Win32
		{91E2152E-2C2F-471B-9088-204EB4C55F82}.Debug|x86.Build.0 = Debug|Win32
		{91E2152E-2C2F-471B-9088-204EB4C55F82}.Release|Any CPU.ActiveCfg = Release|Win32
		{91E2152E-2C2F-471B-9088-204EB4C55F82}.Release|x64.ActiveCfg = Release|x64
		{91E2152E-2C2F-471B-9088-204EB4C55F82}.Release|x64.Build.0 = Release|x64
		{91E2152E-2C2F-471B-9088-204EB4C55F82}.Release|x86.ActiveCfg = Release|Win32
		{91E2152E-2C2F-471B-9088-204EB4C55F82}.Release|x86.Build.0 = Release|Win32
		{DC794B97-D4B1-4756-AEE3-F00F8F38332F}.Debug|Any CPU.ActiveCfg = Debug|Any CPU
		{DC794B97-D4B1-4756-AEE3-F00F8F38332F}.Debug|x64.ActiveCfg = Debug|Any CPU
		{DC794B97-D4B1-4756-AEE3-F00F8F38332F}.Debug|x86.ActiveCfg = Debug|Any CPU
		{DC794B97-D4B1-4756-AEE3-F00F8F38332F}.Release|Any CPU.ActiveCfg = Release|Any CPU
		{DC794B97-D4B1-4756-AEE3-F00F8F38332F}.Release|x64.ActiveCfg = Release|Any CPU
		{DC794B97-D4B1-4756-AEE3-F00F8F38332F}.Release|x86.ActiveCfg = Release|Any CPU
		{27767530-F9BA-4EE8-9A1E-19BE65DED071}.Debug|Any CPU.ActiveCfg = Debug|Win32
		{27767530-F9BA-4EE8-9A1E-19BE65DED071}.Debug|x64.ActiveCfg = Debug|x64
		{27767530-F9BA-4EE8-9A1E-19BE65DED071}.Debug|x64.Build.0 = Debug|x64
		{27767530-F9BA-4EE8-9A1E-19BE65DED071}.Debug|x86.ActiveCfg = Debug|Win32
		{27767530-F9BA-4EE8-9A1E-19BE65DED071}.Debug|x86.Build.0 = Debug|Win32
		{27767530-F9BA-4EE8-9A1E-19BE65DED071}.Release|Any CPU.ActiveCfg = Release|Win32
		{27767530-F9BA-4EE8-9A1E-19BE65DED071}.Release|x64.ActiveCfg = Release|x64
		{27767530-F9BA-4EE8-9A1E-19BE65DED071}.Release|x64.Build.0 = Release|x64
		{27767530-F9BA-4EE8-9A1E-19BE65DED071}.Release|x86.ActiveCfg = Release|Win32
		{27767530-F9BA-4EE8-9A1E-19BE65DED071}.Release|x86.Build.0 = Release|Win32
	EndGlobalSection
	GlobalSection(SolutionProperties) = preSolution
		HideSolutionNode = FALSE
	EndGlobalSection
	GlobalSection(ExtensibilityGlobals) = postSolution
		SolutionGuid = {2FAF6B3E-1733-4065-9C43-A42E889C84B2}
	EndGlobalSection
EndGlobal
