<?xml version="1.0" encoding="utf-8"?>
<Project ToolsVersion="4.0" xmlns="http://schemas.microsoft.com/developer/msbuild/2003">
  <ItemGroup>
    <Filter Include="Source Files">
      <UniqueIdentifier>{efa0cdb9-f312-4559-80d3-73f94910f637}</UniqueIdentifier>
    </Filter>
    <Filter Include="Header Files">
      <UniqueIdentifier>{e5cfbad0-191e-4fc8-bf3c-09874e2ec6ca}</UniqueIdentifier>
    </Filter>
    <Filter Include="Kernel Files">
      <UniqueIdentifier>{27a8ae78-911f-4c1c-a61f-ea3a1385b12d}</UniqueIdentifier>
    </Filter>
    <Filter Include="Header Files\Layers">
      <UniqueIdentifier>{716388e1-2dd9-4e3a-9889-3cde8f5e6c22}</UniqueIdentifier>
    </Filter>
    <Filter Include="Source Files\Layers">
      <UniqueIdentifier>{f23d342f-a110-46dd-91bd-e9e9930916f1}</UniqueIdentifier>
    </Filter>
    <Filter Include="Kernel Files\arr">
      <UniqueIdentifier>{f15b7788-66eb-4f92-afea-be1142f74adf}</UniqueIdentifier>
    </Filter>
  </ItemGroup>
  <ItemGroup>
    <ClCompile Include="_backend.cpp">
      <Filter>Source Files</Filter>
    </ClCompile>
    <ClCompile Include="kernel\device.cpp">
      <Filter>Kernel Files</Filter>
    </ClCompile>
    <ClCompile Include="kernel\error.cpp">
      <Filter>Kernel Files</Filter>
    </ClCompile>
    <ClCompile Include="kernel\instance.cpp">
      <Filter>Kernel Files</Filter>
    </ClCompile>
    <ClCompile Include="kernel\utils.cpp">
      <Filter>Kernel Files</Filter>
    </ClCompile>
    <ClCompile Include="layers\add.cpp">
      <Filter>Source Files\Layers</Filter>
    </ClCompile>
    <ClCompile Include="layers\acosh.cpp">
      <Filter>Source Files\Layers</Filter>
    </ClCompile>
    <ClCompile Include="layers\acos.cpp">
      <Filter>Source Files\Layers</Filter>
    </ClCompile>
    <ClCompile Include="layers\abs.cpp">
      <Filter>Source Files\Layers</Filter>
    </ClCompile>
    <ClCompile Include="layers\zipmap.cpp">
      <Filter>Source Files\Layers</Filter>
    </ClCompile>
    <ClCompile Include="layers\xor.cpp">
      <Filter>Source Files\Layers</Filter>
    </ClCompile>
    <ClCompile Include="layers\where.cpp">
      <Filter>Source Files\Layers</Filter>
    </ClCompile>
    <ClCompile Include="layers\unsqueeze.cpp">
      <Filter>Source Files\Layers</Filter>
    </ClCompile>
    <ClCompile Include="layers\treeensembleregressor.cpp">
      <Filter>Source Files\Layers</Filter>
    </ClCompile>
    <ClCompile Include="layers\treeensembleclassifier.cpp">
      <Filter>Source Files\Layers</Filter>
    </ClCompile>
    <ClCompile Include="layers\transpose.cpp">
      <Filter>Source Files\Layers</Filter>
    </ClCompile>
    <ClCompile Include="layers\topk.cpp">
      <Filter>Source Files\Layers</Filter>
    </ClCompile>
    <ClCompile Include="layers\tile.cpp">
      <Filter>Source Files\Layers</Filter>
    </ClCompile>
    <ClCompile Include="layers\thresholdedrelu.cpp">
      <Filter>Source Files\Layers</Filter>
    </ClCompile>
    <ClCompile Include="layers\tfidfvectorizer.cpp">
      <Filter>Source Files\Layers</Filter>
    </ClCompile>
    <ClCompile Include="layers\tanh.cpp">
      <Filter>Source Files\Layers</Filter>
    </ClCompile>
    <ClCompile Include="layers\tan.cpp">
      <Filter>Source Files\Layers</Filter>
    </ClCompile>
    <ClCompile Include="layers\svmregressor.cpp">
      <Filter>Source Files\Layers</Filter>
    </ClCompile>
    <ClCompile Include="layers\svmclassifier.cpp">
      <Filter>Source Files\Layers</Filter>
    </ClCompile>
    <ClCompile Include="layers\sum.cpp">
      <Filter>Source Files\Layers</Filter>
    </ClCompile>
    <ClCompile Include="layers\sub.cpp">
      <Filter>Source Files\Layers</Filter>
    </ClCompile>
    <ClCompile Include="layers\stringnormalizer.cpp">
      <Filter>Source Files\Layers</Filter>
    </ClCompile>
    <ClCompile Include="layers\squeeze.cpp">
      <Filter>Source Files\Layers</Filter>
    </ClCompile>
    <ClCompile Include="layers\sqrt.cpp">
      <Filter>Source Files\Layers</Filter>
    </ClCompile>
    <ClCompile Include="layers\split.cpp">
      <Filter>Source Files\Layers</Filter>
    </ClCompile>
    <ClCompile Include="layers\spacetodepth.cpp">
      <Filter>Source Files\Layers</Filter>
    </ClCompile>
    <ClCompile Include="layers\softsign.cpp">
      <Filter>Source Files\Layers</Filter>
    </ClCompile>
    <ClCompile Include="layers\softplus.cpp">
      <Filter>Source Files\Layers</Filter>
    </ClCompile>
    <ClCompile Include="layers\softmax.cpp">
      <Filter>Source Files\Layers</Filter>
    </ClCompile>
    <ClCompile Include="layers\slice.cpp">
      <Filter>Source Files\Layers</Filter>
    </ClCompile>
    <ClCompile Include="layers\size.cpp">
      <Filter>Source Files\Layers</Filter>
    </ClCompile>
    <ClCompile Include="layers\sinh.cpp">
      <Filter>Source Files\Layers</Filter>
    </ClCompile>
    <ClCompile Include="layers\sin.cpp">
      <Filter>Source Files\Layers</Filter>
    </ClCompile>
    <ClCompile Include="layers\sign.cpp">
      <Filter>Source Files\Layers</Filter>
    </ClCompile>
    <ClCompile Include="layers\sigmoid.cpp">
      <Filter>Source Files\Layers</Filter>
    </ClCompile>
    <ClCompile Include="layers\shrink.cpp">
      <Filter>Source Files\Layers</Filter>
    </ClCompile>
    <ClCompile Include="layers\shape.cpp">
      <Filter>Source Files\Layers</Filter>
    </ClCompile>
    <ClCompile Include="layers\selu.cpp">
      <Filter>Source Files\Layers</Filter>
    </ClCompile>
    <ClCompile Include="layers\scatter.cpp">
      <Filter>Source Files\Layers</Filter>
    </ClCompile>
    <ClCompile Include="layers\scan.cpp">
      <Filter>Source Files\Layers</Filter>
    </ClCompile>
    <ClCompile Include="layers\scaler.cpp">
      <Filter>Source Files\Layers</Filter>
    </ClCompile>
    <ClCompile Include="layers\roialign.cpp">
      <Filter>Source Files\Layers</Filter>
    </ClCompile>
    <ClCompile Include="layers\rnn.cpp">
      <Filter>Source Files\Layers</Filter>
    </ClCompile>
    <ClCompile Include="layers\reversesequence.cpp">
      <Filter>Source Files\Layers</Filter>
    </ClCompile>
    <ClCompile Include="layers\resize.cpp">
      <Filter>Source Files\Layers</Filter>
    </ClCompile>
    <ClCompile Include="layers\reshape.cpp">
      <Filter>Source Files\Layers</Filter>
    </ClCompile>
    <ClCompile Include="layers\relu.cpp">
      <Filter>Source Files\Layers</Filter>
    </ClCompile>
    <ClCompile Include="layers\reducesumsquare.cpp">
      <Filter>Source Files\Layers</Filter>
    </ClCompile>
    <ClCompile Include="layers\reducesum.cpp">
      <Filter>Source Files\Layers</Filter>
    </ClCompile>
    <ClCompile Include="layers\reduceprod.cpp">
      <Filter>Source Files\Layers</Filter>
    </ClCompile>
    <ClCompile Include="layers\reducemin.cpp">
      <Filter>Source Files\Layers</Filter>
    </ClCompile>
    <ClCompile Include="layers\reducemean.cpp">
      <Filter>Source Files\Layers</Filter>
    </ClCompile>
    <ClCompile Include="layers\reducemax.cpp">
      <Filter>Source Files\Layers</Filter>
    </ClCompile>
    <ClCompile Include="layers\reducelogsumexp.cpp">
      <Filter>Source Files\Layers</Filter>
    </ClCompile>
    <ClCompile Include="layers\reducelogsum.cpp">
      <Filter>Source Files\Layers</Filter>
    </ClCompile>
    <ClCompile Include="layers\reducel2.cpp">
      <Filter>Source Files\Layers</Filter>
    </ClCompile>
    <ClCompile Include="layers\reducel1.cpp">
      <Filter>Source Files\Layers</Filter>
    </ClCompile>
    <ClCompile Include="layers\reciprocal.cpp">
      <Filter>Source Files\Layers</Filter>
    </ClCompile>
    <ClCompile Include="layers\randomuniformlike.cpp">
      <Filter>Source Files\Layers</Filter>
    </ClCompile>
    <ClCompile Include="layers\randomuniform.cpp">
      <Filter>Source Files\Layers</Filter>
    </ClCompile>
    <ClCompile Include="layers\randomnormallike.cpp">
      <Filter>Source Files\Layers</Filter>
    </ClCompile>
    <ClCompile Include="layers\randomnormal.cpp">
      <Filter>Source Files\Layers</Filter>
    </ClCompile>
    <ClCompile Include="layers\quantizelinear.cpp">
      <Filter>Source Files\Layers</Filter>
    </ClCompile>
    <ClCompile Include="layers\qlinearmatmul.cpp">
      <Filter>Source Files\Layers</Filter>
    </ClCompile>
    <ClCompile Include="layers\qlinearconv.cpp">
      <Filter>Source Files\Layers</Filter>
    </ClCompile>
    <ClCompile Include="layers\prelu.cpp">
      <Filter>Source Files\Layers</Filter>
    </ClCompile>
    <ClCompile Include="layers\pow.cpp">
      <Filter>Source Files\Layers</Filter>
    </ClCompile>
    <ClCompile Include="layers\pad.cpp">
      <Filter>Source Files\Layers</Filter>
    </ClCompile>
    <ClCompile Include="layers\or.cpp">
      <Filter>Source Files\Layers</Filter>
    </ClCompile>
    <ClCompile Include="layers\onehotencoder.cpp">
      <Filter>Source Files\Layers</Filter>
    </ClCompile>
    <ClCompile Include="layers\onehot.cpp">
      <Filter>Source Files\Layers</Filter>
    </ClCompile>
    <ClCompile Include="layers\not.cpp">
      <Filter>Source Files\Layers</Filter>
    </ClCompile>
    <ClCompile Include="layers\normalizer.cpp">
      <Filter>Source Files\Layers</Filter>
    </ClCompile>
    <ClCompile Include="layers\nonzero.cpp">
      <Filter>Source Files\Layers</Filter>
    </ClCompile>
    <ClCompile Include="layers\nonmaxsuppression.cpp">
      <Filter>Source Files\Layers</Filter>
    </ClCompile>
    <ClCompile Include="layers\neg.cpp">
      <Filter>Source Files\Layers</Filter>
    </ClCompile>
    <ClCompile Include="layers\multinomial.cpp">
      <Filter>Source Files\Layers</Filter>
    </ClCompile>
    <ClCompile Include="layers\mul.cpp">
      <Filter>Source Files\Layers</Filter>
    </ClCompile>
    <ClCompile Include="layers\mod.cpp">
      <Filter>Source Files\Layers</Filter>
    </ClCompile>
    <ClCompile Include="layers\min.cpp">
      <Filter>Source Files\Layers</Filter>
    </ClCompile>
    <ClCompile Include="layers\meanvariancenormalization.cpp">
      <Filter>Source Files\Layers</Filter>
    </ClCompile>
    <ClCompile Include="layers\mean.cpp">
      <Filter>Source Files\Layers</Filter>
    </ClCompile>
    <ClCompile Include="layers\maxunpool.cpp">
      <Filter>Source Files\Layers</Filter>
    </ClCompile>
    <ClCompile Include="layers\maxroipool.cpp">
      <Filter>Source Files\Layers</Filter>
    </ClCompile>
    <ClCompile Include="layers\maxpool.cpp">
      <Filter>Source Files\Layers</Filter>
    </ClCompile>
    <ClCompile Include="layers\max.cpp">
      <Filter>Source Files\Layers</Filter>
    </ClCompile>
    <ClCompile Include="layers\matmulinteger.cpp">
      <Filter>Source Files\Layers</Filter>
    </ClCompile>
    <ClCompile Include="layers\matmul.cpp">
      <Filter>Source Files\Layers</Filter>
    </ClCompile>
    <ClCompile Include="layers\lstm.cpp">
      <Filter>Source Files\Layers</Filter>
    </ClCompile>
    <ClCompile Include="layers\lrn.cpp">
      <Filter>Source Files\Layers</Filter>
    </ClCompile>
    <ClCompile Include="layers\lppool.cpp">
      <Filter>Source Files\Layers</Filter>
    </ClCompile>
    <ClCompile Include="layers\lpnormalization.cpp">
      <Filter>Source Files\Layers</Filter>
    </ClCompile>
    <ClCompile Include="layers\loop.cpp">
      <Filter>Source Files\Layers</Filter>
    </ClCompile>
    <ClCompile Include="layers\logsoftmax.cpp">
      <Filter>Source Files\Layers</Filter>
    </ClCompile>
    <ClCompile Include="layers\log.cpp">
      <Filter>Source Files\Layers</Filter>
    </ClCompile>
    <ClCompile Include="layers\linearregressor.cpp">
      <Filter>Source Files\Layers</Filter>
    </ClCompile>
    <ClCompile Include="layers\linearclassifier.cpp">
      <Filter>Source Files\Layers</Filter>
    </ClCompile>
    <ClCompile Include="layers\less.cpp">
      <Filter>Source Files\Layers</Filter>
    </ClCompile>
    <ClCompile Include="layers\leakyrelu.cpp">
      <Filter>Source Files\Layers</Filter>
    </ClCompile>
    <ClCompile Include="layers\labelencoder.cpp">
      <Filter>Source Files\Layers</Filter>
    </ClCompile>
    <ClCompile Include="layers\isnan.cpp">
      <Filter>Source Files\Layers</Filter>
    </ClCompile>
    <ClCompile Include="layers\isinf.cpp">
      <Filter>Source Files\Layers</Filter>
    </ClCompile>
    <ClCompile Include="layers\instancenormalization.cpp">
      <Filter>Source Files\Layers</Filter>
    </ClCompile>
    <ClCompile Include="layers\imputer.cpp">
      <Filter>Source Files\Layers</Filter>
    </ClCompile>
    <ClCompile Include="layers\if.cpp">
      <Filter>Source Files\Layers</Filter>
    </ClCompile>
    <ClCompile Include="layers\identity.cpp">
      <Filter>Source Files\Layers</Filter>
    </ClCompile>
    <ClCompile Include="layers\hardsigmoid.cpp">
      <Filter>Source Files\Layers</Filter>
    </ClCompile>
    <ClCompile Include="layers\hardmax.cpp">
      <Filter>Source Files\Layers</Filter>
    </ClCompile>
    <ClCompile Include="layers\gru.cpp">
      <Filter>Source Files\Layers</Filter>
    </ClCompile>
    <ClCompile Include="layers\greater.cpp">
      <Filter>Source Files\Layers</Filter>
    </ClCompile>
    <ClCompile Include="layers\globalmaxpool.cpp">
      <Filter>Source Files\Layers</Filter>
    </ClCompile>
    <ClCompile Include="layers\globallppool.cpp">
      <Filter>Source Files\Layers</Filter>
    </ClCompile>
    <ClCompile Include="layers\globalaveragepool.cpp">
      <Filter>Source Files\Layers</Filter>
    </ClCompile>
    <ClCompile Include="layers\gemm.cpp">
      <Filter>Source Files\Layers</Filter>
    </ClCompile>
    <ClCompile Include="layers\gather.cpp">
      <Filter>Source Files\Layers</Filter>
    </ClCompile>
    <ClCompile Include="layers\floor.cpp">
      <Filter>Source Files\Layers</Filter>
    </ClCompile>
    <ClCompile Include="layers\flatten.cpp">
      <Filter>Source Files\Layers</Filter>
    </ClCompile>
    <ClCompile Include="layers\featurevectorizer.cpp">
      <Filter>Source Files\Layers</Filter>
    </ClCompile>
    <ClCompile Include="layers\eyelike.cpp">
      <Filter>Source Files\Layers</Filter>
    </ClCompile>
    <ClCompile Include="layers\expand.cpp">
      <Filter>Source Files\Layers</Filter>
    </ClCompile>
    <ClCompile Include="layers\exp.cpp">
      <Filter>Source Files\Layers</Filter>
    </ClCompile>
    <ClCompile Include="layers\erf.cpp">
      <Filter>Source Files\Layers</Filter>
    </ClCompile>
    <ClCompile Include="layers\equal.cpp">
      <Filter>Source Files\Layers</Filter>
    </ClCompile>
    <ClCompile Include="layers\elu.cpp">
      <Filter>Source Files\Layers</Filter>
    </ClCompile>
    <ClCompile Include="layers\dropout.cpp">
      <Filter>Source Files\Layers</Filter>
    </ClCompile>
    <ClCompile Include="layers\div.cpp">
      <Filter>Source Files\Layers</Filter>
    </ClCompile>
    <ClCompile Include="layers\dictvectorizer.cpp">
      <Filter>Source Files\Layers</Filter>
    </ClCompile>
    <ClCompile Include="layers\dequantizelinear.cpp">
      <Filter>Source Files\Layers</Filter>
    </ClCompile>
    <ClCompile Include="layers\depthtospace.cpp">
      <Filter>Source Files\Layers</Filter>
    </ClCompile>
    <ClCompile Include="layers\cosh.cpp">
      <Filter>Source Files\Layers</Filter>
    </ClCompile>
    <ClCompile Include="layers\cos.cpp">
      <Filter>Source Files\Layers</Filter>
    </ClCompile>
    <ClCompile Include="layers\convtranspose.cpp">
      <Filter>Source Files\Layers</Filter>
    </ClCompile>
    <ClCompile Include="layers\convinteger.cpp">
      <Filter>Source Files\Layers</Filter>
    </ClCompile>
    <ClCompile Include="layers\conv.cpp">
      <Filter>Source Files\Layers</Filter>
    </ClCompile>
    <ClCompile Include="layers\constantofshape.cpp">
      <Filter>Source Files\Layers</Filter>
    </ClCompile>
    <ClCompile Include="layers\constant.cpp">
      <Filter>Source Files\Layers</Filter>
    </ClCompile>
    <ClCompile Include="layers\concat.cpp">
      <Filter>Source Files\Layers</Filter>
    </ClCompile>
    <ClCompile Include="layers\compress.cpp">
      <Filter>Source Files\Layers</Filter>
    </ClCompile>
    <ClCompile Include="layers\clip.cpp">
      <Filter>Source Files\Layers</Filter>
    </ClCompile>
    <ClCompile Include="layers\ceil.cpp">
      <Filter>Source Files\Layers</Filter>
    </ClCompile>
    <ClCompile Include="layers\categorymapper.cpp">
      <Filter>Source Files\Layers</Filter>
    </ClCompile>
    <ClCompile Include="layers\castmap.cpp">
      <Filter>Source Files\Layers</Filter>
    </ClCompile>
    <ClCompile Include="layers\cast.cpp">
      <Filter>Source Files\Layers</Filter>
    </ClCompile>
    <ClCompile Include="layers\binarizer.cpp">
      <Filter>Source Files\Layers</Filter>
    </ClCompile>
    <ClCompile Include="layers\batchnormalization.cpp">
      <Filter>Source Files\Layers</Filter>
    </ClCompile>
    <ClCompile Include="layers\averagepool.cpp">
      <Filter>Source Files\Layers</Filter>
    </ClCompile>
    <ClCompile Include="layers\atanh.cpp">
      <Filter>Source Files\Layers</Filter>
    </ClCompile>
    <ClCompile Include="layers\atan.cpp">
      <Filter>Source Files\Layers</Filter>
    </ClCompile>
    <ClCompile Include="layers\asinh.cpp">
      <Filter>Source Files\Layers</Filter>
    </ClCompile>
    <ClCompile Include="layers\asin.cpp">
      <Filter>Source Files\Layers</Filter>
    </ClCompile>
    <ClCompile Include="layers\arrayfeatureextractor.cpp">
      <Filter>Source Files\Layers</Filter>
    </ClCompile>
    <ClCompile Include="layers\argmin.cpp">
      <Filter>Source Files\Layers</Filter>
    </ClCompile>
    <ClCompile Include="layers\argmax.cpp">
      <Filter>Source Files\Layers</Filter>
    </ClCompile>
    <ClCompile Include="layers\and.cpp">
      <Filter>Source Files\Layers</Filter>
    </ClCompile>
  </ItemGroup>
  <ItemGroup>
    <ClInclude Include="kernel\array.hpp">
      <Filter>Kernel Files</Filter>
    </ClInclude>
    <ClInclude Include="kernel\delayed.hpp">
      <Filter>Kernel Files</Filter>
    </ClInclude>
    <ClInclude Include="kernel\device.h">
      <Filter>Kernel Files</Filter>
    </ClInclude>
    <ClInclude Include="kernel\error.h">
      <Filter>Kernel Files</Filter>
    </ClInclude>
    <ClInclude Include="kernel\instance.h">
      <Filter>Kernel Files</Filter>
    </ClInclude>
    <ClInclude Include="kernel\program.hpp">
      <Filter>Kernel Files</Filter>
    </ClInclude>
    <ClInclude Include="kernel\resource.hpp">
      <Filter>Kernel Files</Filter>
    </ClInclude>
    <ClInclude Include="kernel\traits.hpp">
      <Filter>Kernel Files</Filter>
    </ClInclude>
    <ClInclude Include="kernel\utils.h">
      <Filter>Kernel Files</Filter>
    </ClInclude>
    <ClInclude Include="kernel\vuh.h">
      <Filter>Kernel Files</Filter>
    </ClInclude>
    <ClInclude Include="kernel\arr\basicArray.hpp">
      <Filter>Kernel Files\arr</Filter>
    </ClInclude>
    <ClInclude Include="kernel\arr\copy_async.hpp">
      <Filter>Kernel Files\arr</Filter>
    </ClInclude>
    <ClInclude Include="kernel\arr\deviceArray.hpp">
      <Filter>Kernel Files\arr</Filter>
    </ClInclude>
    <ClInclude Include="kernel\arr\hostArray.hpp">
      <Filter>Kernel Files\arr</Filter>
    </ClInclude>
    <ClInclude Include="kernel\arr\allocDevice.hpp">
      <Filter>Kernel Files\arr</Filter>
    </ClInclude>
    <ClInclude Include="kernel\arr\arrayIter.hpp">
      <Filter>Kernel Files\arr</Filter>
    </ClInclude>
    <ClInclude Include="kernel\arr\arrayProperties.h">
      <Filter>Kernel Files\arr</Filter>
    </ClInclude>
    <ClInclude Include="kernel\arr\arrayUtils.h">
      <Filter>Kernel Files\arr</Filter>
    </ClInclude>
    <ClInclude Include="kernel\arr\arrayView.hpp">
      <Filter>Kernel Files\arr</Filter>
    </ClInclude>
    <ClInclude Include="layers_map.h">
      <Filter>Header Files</Filter>
    </ClInclude>
    <ClInclude Include="tensor.h">
      <Filter>Header Files</Filter>
    </ClInclude>
    <ClInclude Include="layers\abs.h">
      <Filter>Header Files\Layers</Filter>
    </ClInclude>
    <ClInclude Include="layers\acos.h">
      <Filter>Header Files\Layers</Filter>
    </ClInclude>
    <ClInclude Include="layers\acosh.h">
      <Filter>Header Files\Layers</Filter>
    </ClInclude>
    <ClInclude Include="layers\add.h">
      <Filter>Header Files\Layers</Filter>
    </ClInclude>
    <ClInclude Include="layers\and.h">
      <Filter>Header Files\Layers</Filter>
    </ClInclude>
    <ClInclude Include="layers\argmax.h">
      <Filter>Header Files\Layers</Filter>
    </ClInclude>
    <ClInclude Include="layers\argmin.h">
      <Filter>Header Files\Layers</Filter>
    </ClInclude>
    <ClInclude Include="layers\arrayfeatureextractor.h">
      <Filter>Header Files\Layers</Filter>
    </ClInclude>
    <ClInclude Include="layers\asin.h">
      <Filter>Header Files\Layers</Filter>
    </ClInclude>
    <ClInclude Include="layers\asinh.h">
      <Filter>Header Files\Layers</Filter>
    </ClInclude>
    <ClInclude Include="layers\atan.h">
      <Filter>Header Files\Layers</Filter>
    </ClInclude>
    <ClInclude Include="layers\atanh.h">
      <Filter>Header Files\Layers</Filter>
    </ClInclude>
    <ClInclude Include="layers\averagepool.h">
      <Filter>Header Files\Layers</Filter>
    </ClInclude>
    <ClInclude Include="layers\batchnormalization.h">
      <Filter>Header Files\Layers</Filter>
    </ClInclude>
    <ClInclude Include="layers\binarizer.h">
      <Filter>Header Files\Layers</Filter>
    </ClInclude>
    <ClInclude Include="layers\cast.h">
      <Filter>Header Files\Layers</Filter>
    </ClInclude>
    <ClInclude Include="layers\castmap.h">
      <Filter>Header Files\Layers</Filter>
    </ClInclude>
    <ClInclude Include="layers\categorymapper.h">
      <Filter>Header Files\Layers</Filter>
    </ClInclude>
    <ClInclude Include="layers\ceil.h">
      <Filter>Header Files\Layers</Filter>
    </ClInclude>
    <ClInclude Include="layers\clip.h">
      <Filter>Header Files\Layers</Filter>
    </ClInclude>
    <ClInclude Include="layers\compress.h">
      <Filter>Header Files\Layers</Filter>
    </ClInclude>
    <ClInclude Include="layers\concat.h">
      <Filter>Header Files\Layers</Filter>
    </ClInclude>
    <ClInclude Include="layers\constant.h">
      <Filter>Header Files\Layers</Filter>
    </ClInclude>
    <ClInclude Include="layers\constantofshape.h">
      <Filter>Header Files\Layers</Filter>
    </ClInclude>
    <ClInclude Include="layers\conv.h">
      <Filter>Header Files\Layers</Filter>
    </ClInclude>
    <ClInclude Include="layers\convinteger.h">
      <Filter>Header Files\Layers</Filter>
    </ClInclude>
    <ClInclude Include="layers\convtranspose.h">
      <Filter>Header Files\Layers</Filter>
    </ClInclude>
    <ClInclude Include="layers\cos.h">
      <Filter>Header Files\Layers</Filter>
    </ClInclude>
    <ClInclude Include="layers\cosh.h">
      <Filter>Header Files\Layers</Filter>
    </ClInclude>
    <ClInclude Include="layers\depthtospace.h">
      <Filter>Header Files\Layers</Filter>
    </ClInclude>
    <ClInclude Include="layers\dequantizelinear.h">
      <Filter>Header Files\Layers</Filter>
    </ClInclude>
    <ClInclude Include="layers\dictvectorizer.h">
      <Filter>Header Files\Layers</Filter>
    </ClInclude>
    <ClInclude Include="layers\div.h">
      <Filter>Header Files\Layers</Filter>
    </ClInclude>
    <ClInclude Include="layers\dropout.h">
      <Filter>Header Files\Layers</Filter>
    </ClInclude>
    <ClInclude Include="layers\elu.h">
      <Filter>Header Files\Layers</Filter>
    </ClInclude>
    <ClInclude Include="layers\equal.h">
      <Filter>Header Files\Layers</Filter>
    </ClInclude>
    <ClInclude Include="layers\erf.h">
      <Filter>Header Files\Layers</Filter>
    </ClInclude>
    <ClInclude Include="layers\exp.h">
      <Filter>Header Files\Layers</Filter>
    </ClInclude>
    <ClInclude Include="layers\expand.h">
      <Filter>Header Files\Layers</Filter>
    </ClInclude>
    <ClInclude Include="layers\eyelike.h">
      <Filter>Header Files\Layers</Filter>
    </ClInclude>
    <ClInclude Include="layers\featurevectorizer.h">
      <Filter>Header Files\Layers</Filter>
    </ClInclude>
    <ClInclude Include="layers\flatten.h">
      <Filter>Header Files\Layers</Filter>
    </ClInclude>
    <ClInclude Include="layers\floor.h">
      <Filter>Header Files\Layers</Filter>
    </ClInclude>
    <ClInclude Include="layers\gather.h">
      <Filter>Header Files\Layers</Filter>
    </ClInclude>
    <ClInclude Include="layers\gemm.h">
      <Filter>Header Files\Layers</Filter>
    </ClInclude>
    <ClInclude Include="layers\globalaveragepool.h">
      <Filter>Header Files\Layers</Filter>
    </ClInclude>
    <ClInclude Include="layers\globallppool.h">
      <Filter>Header Files\Layers</Filter>
    </ClInclude>
    <ClInclude Include="layers\globalmaxpool.h">
      <Filter>Header Files\Layers</Filter>
    </ClInclude>
    <ClInclude Include="layers\greater.h">
      <Filter>Header Files\Layers</Filter>
    </ClInclude>
    <ClInclude Include="layers\gru.h">
      <Filter>Header Files\Layers</Filter>
    </ClInclude>
    <ClInclude Include="layers\hardmax.h">
      <Filter>Header Files\Layers</Filter>
    </ClInclude>
    <ClInclude Include="layers\hardsigmoid.h">
      <Filter>Header Files\Layers</Filter>
    </ClInclude>
    <ClInclude Include="layers\identity.h">
      <Filter>Header Files\Layers</Filter>
    </ClInclude>
    <ClInclude Include="layers\if.h">
      <Filter>Header Files\Layers</Filter>
    </ClInclude>
    <ClInclude Include="layers\imputer.h">
      <Filter>Header Files\Layers</Filter>
    </ClInclude>
    <ClInclude Include="layers\instancenormalization.h">
      <Filter>Header Files\Layers</Filter>
    </ClInclude>
    <ClInclude Include="layers\isinf.h">
      <Filter>Header Files\Layers</Filter>
    </ClInclude>
    <ClInclude Include="layers\isnan.h">
      <Filter>Header Files\Layers</Filter>
    </ClInclude>
    <ClInclude Include="layers\labelencoder.h">
      <Filter>Header Files\Layers</Filter>
    </ClInclude>
    <ClInclude Include="layers\leakyrelu.h">
      <Filter>Header Files\Layers</Filter>
    </ClInclude>
    <ClInclude Include="layers\less.h">
      <Filter>Header Files\Layers</Filter>
    </ClInclude>
    <ClInclude Include="layers\linearclassifier.h">
      <Filter>Header Files\Layers</Filter>
    </ClInclude>
    <ClInclude Include="layers\linearregressor.h">
      <Filter>Header Files\Layers</Filter>
    </ClInclude>
    <ClInclude Include="layers\log.h">
      <Filter>Header Files\Layers</Filter>
    </ClInclude>
    <ClInclude Include="layers\logsoftmax.h">
      <Filter>Header Files\Layers</Filter>
    </ClInclude>
    <ClInclude Include="layers\loop.h">
      <Filter>Header Files\Layers</Filter>
    </ClInclude>
    <ClInclude Include="layers\lpnormalization.h">
      <Filter>Header Files\Layers</Filter>
    </ClInclude>
    <ClInclude Include="layers\lppool.h">
      <Filter>Header Files\Layers</Filter>
    </ClInclude>
    <ClInclude Include="layers\lrn.h">
      <Filter>Header Files\Layers</Filter>
    </ClInclude>
    <ClInclude Include="layers\lstm.h">
      <Filter>Header Files\Layers</Filter>
    </ClInclude>
    <ClInclude Include="layers\matmul.h">
      <Filter>Header Files\Layers</Filter>
    </ClInclude>
    <ClInclude Include="layers\matmulinteger.h">
      <Filter>Header Files\Layers</Filter>
    </ClInclude>
    <ClInclude Include="layers\max.h">
      <Filter>Header Files\Layers</Filter>
    </ClInclude>
    <ClInclude Include="layers\maxpool.h">
      <Filter>Header Files\Layers</Filter>
    </ClInclude>
    <ClInclude Include="layers\maxroipool.h">
      <Filter>Header Files\Layers</Filter>
    </ClInclude>
    <ClInclude Include="layers\maxunpool.h">
      <Filter>Header Files\Layers</Filter>
    </ClInclude>
    <ClInclude Include="layers\mean.h">
      <Filter>Header Files\Layers</Filter>
    </ClInclude>
    <ClInclude Include="layers\meanvariancenormalization.h">
      <Filter>Header Files\Layers</Filter>
    </ClInclude>
    <ClInclude Include="layers\min.h">
      <Filter>Header Files\Layers</Filter>
    </ClInclude>
    <ClInclude Include="layers\mod.h">
      <Filter>Header Files\Layers</Filter>
    </ClInclude>
    <ClInclude Include="layers\mul.h">
      <Filter>Header Files\Layers</Filter>
    </ClInclude>
    <ClInclude Include="layers\multinomial.h">
      <Filter>Header Files\Layers</Filter>
    </ClInclude>
    <ClInclude Include="layers\neg.h">
      <Filter>Header Files\Layers</Filter>
    </ClInclude>
    <ClInclude Include="layers\nonmaxsuppression.h">
      <Filter>Header Files\Layers</Filter>
    </ClInclude>
    <ClInclude Include="layers\nonzero.h">
      <Filter>Header Files\Layers</Filter>
    </ClInclude>
    <ClInclude Include="layers\normalizer.h">
      <Filter>Header Files\Layers</Filter>
    </ClInclude>
    <ClInclude Include="layers\not.h">
      <Filter>Header Files\Layers</Filter>
    </ClInclude>
    <ClInclude Include="layers\onehot.h">
      <Filter>Header Files\Layers</Filter>
    </ClInclude>
    <ClInclude Include="layers\onehotencoder.h">
      <Filter>Header Files\Layers</Filter>
    </ClInclude>
    <ClInclude Include="layers\or.h">
      <Filter>Header Files\Layers</Filter>
    </ClInclude>
    <ClInclude Include="layers\pad.h">
      <Filter>Header Files\Layers</Filter>
    </ClInclude>
    <ClInclude Include="layers\pow.h">
      <Filter>Header Files\Layers</Filter>
    </ClInclude>
    <ClInclude Include="layers\prelu.h">
      <Filter>Header Files\Layers</Filter>
    </ClInclude>
    <ClInclude Include="layers\qlinearconv.h">
      <Filter>Header Files\Layers</Filter>
    </ClInclude>
    <ClInclude Include="layers\qlinearmatmul.h">
      <Filter>Header Files\Layers</Filter>
    </ClInclude>
    <ClInclude Include="layers\quantizelinear.h">
      <Filter>Header Files\Layers</Filter>
    </ClInclude>
    <ClInclude Include="layers\randomnormal.h">
      <Filter>Header Files\Layers</Filter>
    </ClInclude>
    <ClInclude Include="layers\randomnormallike.h">
      <Filter>Header Files\Layers</Filter>
    </ClInclude>
    <ClInclude Include="layers\randomuniform.h">
      <Filter>Header Files\Layers</Filter>
    </ClInclude>
    <ClInclude Include="layers\randomuniformlike.h">
      <Filter>Header Files\Layers</Filter>
    </ClInclude>
    <ClInclude Include="layers\reciprocal.h">
      <Filter>Header Files\Layers</Filter>
    </ClInclude>
    <ClInclude Include="layers\reducel1.h">
      <Filter>Header Files\Layers</Filter>
    </ClInclude>
    <ClInclude Include="layers\reducel2.h">
      <Filter>Header Files\Layers</Filter>
    </ClInclude>
    <ClInclude Include="layers\reducelogsum.h">
      <Filter>Header Files\Layers</Filter>
    </ClInclude>
    <ClInclude Include="layers\reducelogsumexp.h">
      <Filter>Header Files\Layers</Filter>
    </ClInclude>
    <ClInclude Include="layers\reducemax.h">
      <Filter>Header Files\Layers</Filter>
    </ClInclude>
    <ClInclude Include="layers\reducemean.h">
      <Filter>Header Files\Layers</Filter>
    </ClInclude>
    <ClInclude Include="layers\reducemin.h">
      <Filter>Header Files\Layers</Filter>
    </ClInclude>
    <ClInclude Include="layers\reduceprod.h">
      <Filter>Header Files\Layers</Filter>
    </ClInclude>
    <ClInclude Include="layers\reducesum.h">
      <Filter>Header Files\Layers</Filter>
    </ClInclude>
    <ClInclude Include="layers\reducesumsquare.h">
      <Filter>Header Files\Layers</Filter>
    </ClInclude>
    <ClInclude Include="layers\relu.h">
      <Filter>Header Files\Layers</Filter>
    </ClInclude>
    <ClInclude Include="layers\reshape.h">
      <Filter>Header Files\Layers</Filter>
    </ClInclude>
    <ClInclude Include="layers\resize.h">
      <Filter>Header Files\Layers</Filter>
    </ClInclude>
    <ClInclude Include="layers\reversesequence.h">
      <Filter>Header Files\Layers</Filter>
    </ClInclude>
    <ClInclude Include="layers\rnn.h">
      <Filter>Header Files\Layers</Filter>
    </ClInclude>
    <ClInclude Include="layers\roialign.h">
      <Filter>Header Files\Layers</Filter>
    </ClInclude>
    <ClInclude Include="layers\scaler.h">
      <Filter>Header Files\Layers</Filter>
    </ClInclude>
    <ClInclude Include="layers\scan.h">
      <Filter>Header Files\Layers</Filter>
    </ClInclude>
    <ClInclude Include="layers\scatter.h">
      <Filter>Header Files\Layers</Filter>
    </ClInclude>
    <ClInclude Include="layers\selu.h">
      <Filter>Header Files\Layers</Filter>
    </ClInclude>
    <ClInclude Include="layers\shape.h">
      <Filter>Header Files\Layers</Filter>
    </ClInclude>
    <ClInclude Include="layers\shrink.h">
      <Filter>Header Files\Layers</Filter>
    </ClInclude>
    <ClInclude Include="layers\sigmoid.h">
      <Filter>Header Files\Layers</Filter>
    </ClInclude>
    <ClInclude Include="layers\sign.h">
      <Filter>Header Files\Layers</Filter>
    </ClInclude>
    <ClInclude Include="layers\sin.h">
      <Filter>Header Files\Layers</Filter>
    </ClInclude>
    <ClInclude Include="layers\sinh.h">
      <Filter>Header Files\Layers</Filter>
    </ClInclude>
    <ClInclude Include="layers\size.h">
      <Filter>Header Files\Layers</Filter>
    </ClInclude>
    <ClInclude Include="layers\slice.h">
      <Filter>Header Files\Layers</Filter>
    </ClInclude>
    <ClInclude Include="layers\softmax.h">
      <Filter>Header Files\Layers</Filter>
    </ClInclude>
    <ClInclude Include="layers\softplus.h">
      <Filter>Header Files\Layers</Filter>
    </ClInclude>
    <ClInclude Include="layers\softsign.h">
      <Filter>Header Files\Layers</Filter>
    </ClInclude>
    <ClInclude Include="layers\spacetodepth.h">
      <Filter>Header Files\Layers</Filter>
    </ClInclude>
    <ClInclude Include="layers\split.h">
      <Filter>Header Files\Layers</Filter>
    </ClInclude>
    <ClInclude Include="layers\sqrt.h">
      <Filter>Header Files\Layers</Filter>
    </ClInclude>
    <ClInclude Include="layers\squeeze.h">
      <Filter>Header Files\Layers</Filter>
    </ClInclude>
    <ClInclude Include="layers\stringnormalizer.h">
      <Filter>Header Files\Layers</Filter>
    </ClInclude>
    <ClInclude Include="layers\sub.h">
      <Filter>Header Files\Layers</Filter>
    </ClInclude>
    <ClInclude Include="layers\sum.h">
      <Filter>Header Files\Layers</Filter>
    </ClInclude>
    <ClInclude Include="layers\svmclassifier.h">
      <Filter>Header Files\Layers</Filter>
    </ClInclude>
    <ClInclude Include="layers\svmregressor.h">
      <Filter>Header Files\Layers</Filter>
    </ClInclude>
    <ClInclude Include="layers\tan.h">
      <Filter>Header Files\Layers</Filter>
    </ClInclude>
    <ClInclude Include="layers\tanh.h">
      <Filter>Header Files\Layers</Filter>
    </ClInclude>
    <ClInclude Include="layers\tfidfvectorizer.h">
      <Filter>Header Files\Layers</Filter>
    </ClInclude>
    <ClInclude Include="layers\thresholdedrelu.h">
      <Filter>Header Files\Layers</Filter>
    </ClInclude>
    <ClInclude Include="layers\tile.h">
      <Filter>Header Files\Layers</Filter>
    </ClInclude>
    <ClInclude Include="layers\topk.h">
      <Filter>Header Files\Layers</Filter>
    </ClInclude>
    <ClInclude Include="layers\transpose.h">
      <Filter>Header Files\Layers</Filter>
    </ClInclude>
    <ClInclude Include="layers\treeensembleclassifier.h">
      <Filter>Header Files\Layers</Filter>
    </ClInclude>
    <ClInclude Include="layers\treeensembleregressor.h">
      <Filter>Header Files\Layers</Filter>
    </ClInclude>
    <ClInclude Include="layers\unsqueeze.h">
      <Filter>Header Files\Layers</Filter>
    </ClInclude>
    <ClInclude Include="layers\where.h">
      <Filter>Header Files\Layers</Filter>
    </ClInclude>
    <ClInclude Include="layers\xor.h">
      <Filter>Header Files\Layers</Filter>
    </ClInclude>
    <ClInclude Include="layers\zipmap.h">
      <Filter>Header Files\Layers</Filter>
    </ClInclude>
    <ClInclude Include="blas.hpp">
      <Filter>Header Files</Filter>
    </ClInclude>
    <ClInclude Include="layers.hpp">
      <Filter>Header Files</Filter>
    </ClInclude>
    <ClInclude Include="layer.hpp">
      <Filter>Header Files</Filter>
    </ClInclude>
  </ItemGroup>
</Project>