<?xml version="1.0" encoding="utf-8"?>
<Project ToolsVersion="4.0" xmlns="http://schemas.microsoft.com/developer/msbuild/2003">
  <ItemGroup>
    <Filter Include="Source Files">
      <UniqueIdentifier>{4FC737F1-C7A5-4376-A066-2A32D752A2FF}</UniqueIdentifier>
      <Extensions>cpp;c;cc;cxx;def;odl;idl;hpj;bat;asm;asmx</Extensions>
    </Filter>
    <Filter Include="Header Files">
      <UniqueIdentifier>{93995380-89BD-4b04-88EB-625FBE52EBFB}</UniqueIdentifier>
      <Extensions>h;hh;hpp;hxx;hm;inl;inc;xsd</Extensions>
    </Filter>
    <Filter Include="Resource Files">
      <UniqueIdentifier>{67DA6AB6-F800-4c08-8B7A-83BB121AAD01}</UniqueIdentifier>
      <Extensions>rc;ico;cur;bmp;dlg;rc2;rct;bin;rgs;gif;jpg;jpeg;jpe;resx;tiff;tif;png;wav;mfcribbon-ms</Extensions>
    </Filter>
    <Filter Include="Python Files">
      <UniqueIdentifier>{a665b34b-36a4-4ea9-994c-f350467c80cc}</UniqueIdentifier>
    </Filter>
    <Filter Include="Kernel Files">
      <UniqueIdentifier>{7e5ab879-a182-4f4f-90d7-43ab75de4595}</UniqueIdentifier>
    </Filter>
    <Filter Include="Kernel Files\arr">
      <UniqueIdentifier>{7246e186-0e31-4003-aa1f-c783b020dde9}</UniqueIdentifier>
    </Filter>
    <Filter Include="Kernel Files\Source Files">
      <UniqueIdentifier>{43db361a-af45-4286-abc9-55fc7f99f277}</UniqueIdentifier>
    </Filter>
  </ItemGroup>
  <ItemGroup>
    <ClCompile Include="_backend.cpp">
      <Filter>Python Files</Filter>
    </ClCompile>
    <ClCompile Include="kernel\device.cpp">
      <Filter>Kernel Files\Source Files</Filter>
    </ClCompile>
    <ClCompile Include="kernel\error.cpp">
      <Filter>Kernel Files\Source Files</Filter>
    </ClCompile>
    <ClCompile Include="kernel\instance.cpp">
      <Filter>Kernel Files\Source Files</Filter>
    </ClCompile>
    <ClCompile Include="kernel\utils.cpp">
      <Filter>Kernel Files\Source Files</Filter>
    </ClCompile>
  </ItemGroup>
  <ItemGroup>
    <ClInclude Include="kernel\array.hpp">
      <Filter>Kernel Files</Filter>
    </ClInclude>
    <ClInclude Include="kernel\delayed.hpp">
      <Filter>Kernel Files</Filter>
    </ClInclude>
    <ClInclude Include="kernel\device.h">
      <Filter>Kernel Files</Filter>
    </ClInclude>
    <ClInclude Include="kernel\error.h">
      <Filter>Kernel Files</Filter>
    </ClInclude>
    <ClInclude Include="kernel\instance.h">
      <Filter>Kernel Files</Filter>
    </ClInclude>
    <ClInclude Include="kernel\program.hpp">
      <Filter>Kernel Files</Filter>
    </ClInclude>
    <ClInclude Include="kernel\resource.hpp">
      <Filter>Kernel Files</Filter>
    </ClInclude>
    <ClInclude Include="kernel\traits.hpp">
      <Filter>Kernel Files</Filter>
    </ClInclude>
    <ClInclude Include="kernel\utils.h">
      <Filter>Kernel Files</Filter>
    </ClInclude>
    <ClInclude Include="kernel\vuh.h">
      <Filter>Kernel Files</Filter>
    </ClInclude>
    <ClInclude Include="kernel\arr\allocDevice.hpp">
      <Filter>Kernel Files\arr</Filter>
    </ClInclude>
    <ClInclude Include="kernel\arr\arrayIter.hpp">
      <Filter>Kernel Files\arr</Filter>
    </ClInclude>
    <ClInclude Include="kernel\arr\arrayProperties.h">
      <Filter>Kernel Files\arr</Filter>
    </ClInclude>
    <ClInclude Include="kernel\arr\arrayUtils.h">
      <Filter>Kernel Files\arr</Filter>
    </ClInclude>
    <ClInclude Include="kernel\arr\arrayView.hpp">
      <Filter>Kernel Files\arr</Filter>
    </ClInclude>
    <ClInclude Include="kernel\arr\basicArray.hpp">
      <Filter>Kernel Files\arr</Filter>
    </ClInclude>
    <ClInclude Include="kernel\arr\copy_async.hpp">
      <Filter>Kernel Files\arr</Filter>
    </ClInclude>
    <ClInclude Include="kernel\arr\deviceArray.hpp">
      <Filter>Kernel Files\arr</Filter>
    </ClInclude>
    <ClInclude Include="kernel\arr\hostArray.hpp">
      <Filter>Kernel Files\arr</Filter>
    </ClInclude>
  </ItemGroup>
</Project>