<?xml version="1.0" encoding="utf-8"?>
<Project ToolsVersion="4.0" xmlns="http://schemas.microsoft.com/developer/msbuild/2003">
  <ItemGroup>
    <Filter Include="Source Files">
      <UniqueIdentifier>{4FC737F1-C7A5-4376-A066-2A32D752A2FF}</UniqueIdentifier>
      <Extensions>cpp;c;cc;cxx;def;odl;idl;hpj;bat;asm;asmx</Extensions>
    </Filter>
    <Filter Include="Header Files">
      <UniqueIdentifier>{93995380-89BD-4b04-88EB-625FBE52EBFB}</UniqueIdentifier>
      <Extensions>h;hh;hpp;hxx;hm;inl;inc;xsd</Extensions>
    </Filter>
    <Filter Include="Resource Files">
      <UniqueIdentifier>{67DA6AB6-F800-4c08-8B7A-83BB121AAD01}</UniqueIdentifier>
      <Extensions>rc;ico;cur;bmp;dlg;rc2;rct;bin;rgs;gif;jpg;jpeg;jpe;resx;tiff;tif;png;wav;mfcribbon-ms</Extensions>
    </Filter>
    <Filter Include="Python Files">
      <UniqueIdentifier>{a665b34b-36a4-4ea9-994c-f350467c80cc}</UniqueIdentifier>
    </Filter>
    <Filter Include="Kernel Files">
      <UniqueIdentifier>{7e5ab879-a182-4f4f-90d7-43ab75de4595}</UniqueIdentifier>
    </Filter>
    <Filter Include="Kernel Files\arr">
      <UniqueIdentifier>{7246e186-0e31-4003-aa1f-c783b020dde9}</UniqueIdentifier>
    </Filter>
    <Filter Include="Kernel Files\Source Files">
      <UniqueIdentifier>{43db361a-af45-4286-abc9-55fc7f99f277}</UniqueIdentifier>
    </Filter>
    <Filter Include="Layer Files">
      <UniqueIdentifier>{bd354907-0ab4-4daf-9501-3a5a2e8e551e}</UniqueIdentifier>
    </Filter>
  </ItemGroup>
  <ItemGroup>
    <ClCompile Include="kernel\device.cpp">
      <Filter>Kernel Files\Source Files</Filter>
    </ClCompile>
    <ClCompile Include="kernel\error.cpp">
      <Filter>Kernel Files\Source Files</Filter>
    </ClCompile>
    <ClCompile Include="kernel\instance.cpp">
      <Filter>Kernel Files\Source Files</Filter>
    </ClCompile>
    <ClCompile Include="kernel\utils.cpp">
      <Filter>Kernel Files\Source Files</Filter>
    </ClCompile>
    <ClCompile Include="_backend.cpp">
      <Filter>Source Files</Filter>
    </ClCompile>
  </ItemGroup>
  <ItemGroup>
    <ClInclude Include="kernel\array.hpp">
      <Filter>Kernel Files</Filter>
    </ClInclude>
    <ClInclude Include="kernel\delayed.hpp">
      <Filter>Kernel Files</Filter>
    </ClInclude>
    <ClInclude Include="kernel\device.h">
      <Filter>Kernel Files</Filter>
    </ClInclude>
    <ClInclude Include="kernel\error.h">
      <Filter>Kernel Files</Filter>
    </ClInclude>
    <ClInclude Include="kernel\instance.h">
      <Filter>Kernel Files</Filter>
    </ClInclude>
    <ClInclude Include="kernel\program.hpp">
      <Filter>Kernel Files</Filter>
    </ClInclude>
    <ClInclude Include="kernel\resource.hpp">
      <Filter>Kernel Files</Filter>
    </ClInclude>
    <ClInclude Include="kernel\traits.hpp">
      <Filter>Kernel Files</Filter>
    </ClInclude>
    <ClInclude Include="kernel\utils.h">
      <Filter>Kernel Files</Filter>
    </ClInclude>
    <ClInclude Include="kernel\vuh.h">
      <Filter>Kernel Files</Filter>
    </ClInclude>
    <ClInclude Include="kernel\arr\allocDevice.hpp">
      <Filter>Kernel Files\arr</Filter>
    </ClInclude>
    <ClInclude Include="kernel\arr\arrayIter.hpp">
      <Filter>Kernel Files\arr</Filter>
    </ClInclude>
    <ClInclude Include="kernel\arr\arrayProperties.h">
      <Filter>Kernel Files\arr</Filter>
    </ClInclude>
    <ClInclude Include="kernel\arr\arrayUtils.h">
      <Filter>Kernel Files\arr</Filter>
    </ClInclude>
    <ClInclude Include="kernel\arr\arrayView.hpp">
      <Filter>Kernel Files\arr</Filter>
    </ClInclude>
    <ClInclude Include="kernel\arr\basicArray.hpp">
      <Filter>Kernel Files\arr</Filter>
    </ClInclude>
    <ClInclude Include="kernel\arr\copy_async.hpp">
      <Filter>Kernel Files\arr</Filter>
    </ClInclude>
    <ClInclude Include="kernel\arr\deviceArray.hpp">
      <Filter>Kernel Files\arr</Filter>
    </ClInclude>
    <ClInclude Include="kernel\arr\hostArray.hpp">
      <Filter>Kernel Files\arr</Filter>
    </ClInclude>
    <ClInclude Include="layer.h">
      <Filter>Header Files</Filter>
    </ClInclude>
    <ClInclude Include="layers.h">
      <Filter>Source Files</Filter>
    </ClInclude>
    <ClInclude Include="layers\abs.h">
      <Filter>Layer Files</Filter>
    </ClInclude>
    <ClInclude Include="layers\acos.h">
      <Filter>Layer Files</Filter>
    </ClInclude>
    <ClInclude Include="layers\add.h">
      <Filter>Layer Files</Filter>
    </ClInclude>
    <ClInclude Include="layers\and.h">
      <Filter>Layer Files</Filter>
    </ClInclude>
    <ClInclude Include="layers\argmax.h">
      <Filter>Layer Files</Filter>
    </ClInclude>
    <ClInclude Include="layers\argmin.h">
      <Filter>Layer Files</Filter>
    </ClInclude>
    <ClInclude Include="layers\arrayfeatureextractor.h">
      <Filter>Layer Files</Filter>
    </ClInclude>
    <ClInclude Include="layers\asin.h">
      <Filter>Layer Files</Filter>
    </ClInclude>
    <ClInclude Include="layers\atan.h">
      <Filter>Layer Files</Filter>
    </ClInclude>
    <ClInclude Include="layers\binarizer.h">
      <Filter>Layer Files</Filter>
    </ClInclude>
    <ClInclude Include="layers\castmap.h">
      <Filter>Layer Files</Filter>
    </ClInclude>
    <ClInclude Include="layers\categorymapper.h">
      <Filter>Layer Files</Filter>
    </ClInclude>
    <ClInclude Include="layers\ceil.h">
      <Filter>Layer Files</Filter>
    </ClInclude>
    <ClInclude Include="layers\clip.h">
      <Filter>Layer Files</Filter>
    </ClInclude>
    <ClInclude Include="layers\concat.h">
      <Filter>Layer Files</Filter>
    </ClInclude>
    <ClInclude Include="layers\conv.h">
      <Filter>Layer Files</Filter>
    </ClInclude>
    <ClInclude Include="layers\convtranspose.h">
      <Filter>Layer Files</Filter>
    </ClInclude>
    <ClInclude Include="layers\cos.h">
      <Filter>Layer Files</Filter>
    </ClInclude>
    <ClInclude Include="layers\depthtospace.h">
      <Filter>Layer Files</Filter>
    </ClInclude>
    <ClInclude Include="layers\dictvectorizer.h">
      <Filter>Layer Files</Filter>
    </ClInclude>
    <ClInclude Include="layers\div.h">
      <Filter>Layer Files</Filter>
    </ClInclude>
    <ClInclude Include="layers\elu.h">
      <Filter>Layer Files</Filter>
    </ClInclude>
    <ClInclude Include="layers\equal.h">
      <Filter>Layer Files</Filter>
    </ClInclude>
    <ClInclude Include="layers\exp.h">
      <Filter>Layer Files</Filter>
    </ClInclude>
    <ClInclude Include="layers\featurevectorizer.h">
      <Filter>Layer Files</Filter>
    </ClInclude>
    <ClInclude Include="layers\floor.h">
      <Filter>Layer Files</Filter>
    </ClInclude>
    <ClInclude Include="layers\gather.h">
      <Filter>Layer Files</Filter>
    </ClInclude>
    <ClInclude Include="layers\globalaveragepool.h">
      <Filter>Layer Files</Filter>
    </ClInclude>
    <ClInclude Include="layers\globallppool.h">
      <Filter>Layer Files</Filter>
    </ClInclude>
    <ClInclude Include="layers\globalmaxpool.h">
      <Filter>Layer Files</Filter>
    </ClInclude>
    <ClInclude Include="layers\gru.h">
      <Filter>Layer Files</Filter>
    </ClInclude>
    <ClInclude Include="layers\hardmax.h">
      <Filter>Layer Files</Filter>
    </ClInclude>
    <ClInclude Include="layers\hardsigmoid.h">
      <Filter>Layer Files</Filter>
    </ClInclude>
    <ClInclude Include="layers\identity.h">
      <Filter>Layer Files</Filter>
    </ClInclude>
    <ClInclude Include="layers\if.h">
      <Filter>Layer Files</Filter>
    </ClInclude>
    <ClInclude Include="layers\imputer.h">
      <Filter>Layer Files</Filter>
    </ClInclude>
    <ClInclude Include="layers\instancenormalization.h">
      <Filter>Layer Files</Filter>
    </ClInclude>
    <ClInclude Include="layers\labelencoder.h">
      <Filter>Layer Files</Filter>
    </ClInclude>
    <ClInclude Include="layers\leakyrelu.h">
      <Filter>Layer Files</Filter>
    </ClInclude>
    <ClInclude Include="layers\linearclassifier.h">
      <Filter>Layer Files</Filter>
    </ClInclude>
    <ClInclude Include="layers\linearregressor.h">
      <Filter>Layer Files</Filter>
    </ClInclude>
    <ClInclude Include="layers\log.h">
      <Filter>Layer Files</Filter>
    </ClInclude>
    <ClInclude Include="layers\logsoftmax.h">
      <Filter>Layer Files</Filter>
    </ClInclude>
    <ClInclude Include="layers\loop.h">
      <Filter>Layer Files</Filter>
    </ClInclude>
    <ClInclude Include="layers\lpnormalization.h">
      <Filter>Layer Files</Filter>
    </ClInclude>
    <ClInclude Include="layers\lppool.h">
      <Filter>Layer Files</Filter>
    </ClInclude>
    <ClInclude Include="layers\lrn.h">
      <Filter>Layer Files</Filter>
    </ClInclude>
    <ClInclude Include="layers\lstm.h">
      <Filter>Layer Files</Filter>
    </ClInclude>
    <ClInclude Include="layers\maxroipool.h">
      <Filter>Layer Files</Filter>
    </ClInclude>
    <ClInclude Include="layers\mul.h">
      <Filter>Layer Files</Filter>
    </ClInclude>
    <ClInclude Include="layers\multinomial.h">
      <Filter>Layer Files</Filter>
    </ClInclude>
    <ClInclude Include="layers\neg.h">
      <Filter>Layer Files</Filter>
    </ClInclude>
    <ClInclude Include="layers\normalizer.h">
      <Filter>Layer Files</Filter>
    </ClInclude>
    <ClInclude Include="layers\not.h">
      <Filter>Layer Files</Filter>
    </ClInclude>
    <ClInclude Include="layers\onehotencoder.h">
      <Filter>Layer Files</Filter>
    </ClInclude>
    <ClInclude Include="layers\or.h">
      <Filter>Layer Files</Filter>
    </ClInclude>
    <ClInclude Include="layers\pad.h">
      <Filter>Layer Files</Filter>
    </ClInclude>
    <ClInclude Include="layers\pow.h">
      <Filter>Layer Files</Filter>
    </ClInclude>
    <ClInclude Include="layers\randomnormal.h">
      <Filter>Layer Files</Filter>
    </ClInclude>
    <ClInclude Include="layers\randomnormallike.h">
      <Filter>Layer Files</Filter>
    </ClInclude>
    <ClInclude Include="layers\randomuniform.h">
      <Filter>Layer Files</Filter>
    </ClInclude>
    <ClInclude Include="layers\randomuniformlike.h">
      <Filter>Layer Files</Filter>
    </ClInclude>
    <ClInclude Include="layers\reciprocal.h">
      <Filter>Layer Files</Filter>
    </ClInclude>
    <ClInclude Include="layers\reducel1.h">
      <Filter>Layer Files</Filter>
    </ClInclude>
    <ClInclude Include="layers\reducel2.h">
      <Filter>Layer Files</Filter>
    </ClInclude>
    <ClInclude Include="layers\reducelogsum.h">
      <Filter>Layer Files</Filter>
    </ClInclude>
    <ClInclude Include="layers\reducelogsumexp.h">
      <Filter>Layer Files</Filter>
    </ClInclude>
    <ClInclude Include="layers\reducemax.h">
      <Filter>Layer Files</Filter>
    </ClInclude>
    <ClInclude Include="layers\reducemean.h">
      <Filter>Layer Files</Filter>
    </ClInclude>
    <ClInclude Include="layers\reducemin.h">
      <Filter>Layer Files</Filter>
    </ClInclude>
    <ClInclude Include="layers\reduceprod.h">
      <Filter>Layer Files</Filter>
    </ClInclude>
    <ClInclude Include="layers\reducesum.h">
      <Filter>Layer Files</Filter>
    </ClInclude>
    <ClInclude Include="layers\reducesumsquare.h">
      <Filter>Layer Files</Filter>
    </ClInclude>
    <ClInclude Include="layers\relu.h">
      <Filter>Layer Files</Filter>
    </ClInclude>
    <ClInclude Include="layers\reshape.h">
      <Filter>Layer Files</Filter>
    </ClInclude>
    <ClInclude Include="layers\rnn.h">
      <Filter>Layer Files</Filter>
    </ClInclude>
    <ClInclude Include="layers\scaler.h">
      <Filter>Layer Files</Filter>
    </ClInclude>
    <ClInclude Include="layers\selu.h">
      <Filter>Layer Files</Filter>
    </ClInclude>
    <ClInclude Include="layers\shape.h">
      <Filter>Layer Files</Filter>
    </ClInclude>
    <ClInclude Include="layers\sigmoid.h">
      <Filter>Layer Files</Filter>
    </ClInclude>
    <ClInclude Include="layers\sin.h">
      <Filter>Layer Files</Filter>
    </ClInclude>
    <ClInclude Include="layers\size.h">
      <Filter>Layer Files</Filter>
    </ClInclude>
    <ClInclude Include="layers\softmax.h">
      <Filter>Layer Files</Filter>
    </ClInclude>
    <ClInclude Include="layers\softplus.h">
      <Filter>Layer Files</Filter>
    </ClInclude>
    <ClInclude Include="layers\softsign.h">
      <Filter>Layer Files</Filter>
    </ClInclude>
    <ClInclude Include="layers\spacetodepth.h">
      <Filter>Layer Files</Filter>
    </ClInclude>
    <ClInclude Include="layers\split.h">
      <Filter>Layer Files</Filter>
    </ClInclude>
    <ClInclude Include="layers\sqrt.h">
      <Filter>Layer Files</Filter>
    </ClInclude>
    <ClInclude Include="layers\squeeze.h">
      <Filter>Layer Files</Filter>
    </ClInclude>
    <ClInclude Include="layers\sub.h">
      <Filter>Layer Files</Filter>
    </ClInclude>
    <ClInclude Include="layers\svmclassifier.h">
      <Filter>Layer Files</Filter>
    </ClInclude>
    <ClInclude Include="layers\svmregressor.h">
      <Filter>Layer Files</Filter>
    </ClInclude>
    <ClInclude Include="layers\tan.h">
      <Filter>Layer Files</Filter>
    </ClInclude>
    <ClInclude Include="layers\tanh.h">
      <Filter>Layer Files</Filter>
    </ClInclude>
    <ClInclude Include="layers\tile.h">
      <Filter>Layer Files</Filter>
    </ClInclude>
    <ClInclude Include="layers\transpose.h">
      <Filter>Layer Files</Filter>
    </ClInclude>
    <ClInclude Include="layers\treeensembleclassifier.h">
      <Filter>Layer Files</Filter>
    </ClInclude>
    <ClInclude Include="layers\treeensembleregressor.h">
      <Filter>Layer Files</Filter>
    </ClInclude>
    <ClInclude Include="layers\unsqueeze.h">
      <Filter>Layer Files</Filter>
    </ClInclude>
    <ClInclude Include="layers\xor.h">
      <Filter>Layer Files</Filter>
    </ClInclude>
    <ClInclude Include="layers\zipmap.h">
      <Filter>Layer Files</Filter>
    </ClInclude>
    <ClInclude Include="tensor.h">
      <Filter>Header Files</Filter>
    </ClInclude>
  </ItemGroup>
</Project>