<?xml version="1.0" encoding="utf-8"?>
<Project ToolsVersion="4.0" xmlns="http://schemas.microsoft.com/developer/msbuild/2003">
  <ItemGroup>
    <Filter Include="Source Files">
      <UniqueIdentifier>{4FC737F1-C7A5-4376-A066-2A32D752A2FF}</UniqueIdentifier>
      <Extensions>cpp;c;cc;cxx;def;odl;idl;hpj;bat;asm;asmx</Extensions>
    </Filter>
    <Filter Include="Header Files">
      <UniqueIdentifier>{93995380-89BD-4b04-88EB-625FBE52EBFB}</UniqueIdentifier>
      <Extensions>h;hh;hpp;hxx;hm;inl;inc;ipp;xsd</Extensions>
    </Filter>
    <Filter Include="Resource Files">
      <UniqueIdentifier>{67DA6AB6-F800-4c08-8B7A-83BB121AAD01}</UniqueIdentifier>
      <Extensions>rc;ico;cur;bmp;dlg;rc2;rct;bin;rgs;gif;jpg;jpeg;jpe;resx;tiff;tif;png;wav;mfcribbon-ms</Extensions>
    </Filter>
    <Filter Include="nn Files">
      <UniqueIdentifier>{f133caf3-59f7-4236-a928-3f05cfc5566c}</UniqueIdentifier>
    </Filter>
    <Filter Include="nn Files\headers">
      <UniqueIdentifier>{41b8a40a-4ece-4856-a6d7-ee16a2711faa}</UniqueIdentifier>
    </Filter>
    <Filter Include="nn Files\source">
      <UniqueIdentifier>{7734fc57-ab0a-4ea7-b08a-29baffbc8f47}</UniqueIdentifier>
    </Filter>
    <Filter Include="nn Files\headers\cpu_layers">
      <UniqueIdentifier>{e56e815f-a4dc-4785-b0ef-8af42b2d6b21}</UniqueIdentifier>
    </Filter>
    <Filter Include="nn Files\headers\vk_layers">
      <UniqueIdentifier>{9c51e5e0-38fe-4d83-81b6-0b53e114c746}</UniqueIdentifier>
    </Filter>
    <Filter Include="nn Files\source\cpu_layers">
      <UniqueIdentifier>{12041dc8-5b48-469c-99db-414394039180}</UniqueIdentifier>
    </Filter>
    <Filter Include="nn Files\source\vk_layers">
      <UniqueIdentifier>{ac38c554-6707-444d-950f-e986cfe97da8}</UniqueIdentifier>
    </Filter>
    <Filter Include="nn Files\source\x86">
      <UniqueIdentifier>{b655aa08-81ed-4df5-be89-6eba7cfa8923}</UniqueIdentifier>
    </Filter>
    <Filter Include="nn Files\headers\x86">
      <UniqueIdentifier>{8f6c039d-5ddf-4046-922e-9f498a50066d}</UniqueIdentifier>
    </Filter>
  </ItemGroup>
  <ItemGroup>
    <ClCompile Include="main.cpp">
      <Filter>Source Files</Filter>
    </ClCompile>
    <ClCompile Include="source\allocator.cpp">
      <Filter>nn Files\source</Filter>
    </ClCompile>
    <ClCompile Include="source\benchmark.cpp">
      <Filter>nn Files\source</Filter>
    </ClCompile>
    <ClCompile Include="source\blob.cpp">
      <Filter>nn Files\source</Filter>
    </ClCompile>
    <ClCompile Include="source\command.cpp">
      <Filter>nn Files\source</Filter>
    </ClCompile>
    <ClCompile Include="source\cpu.cpp">
      <Filter>nn Files\source</Filter>
    </ClCompile>
    <ClCompile Include="source\gpu.cpp">
      <Filter>nn Files\source</Filter>
    </ClCompile>
    <ClCompile Include="source\layer.cpp">
      <Filter>nn Files\source</Filter>
    </ClCompile>
    <ClCompile Include="source\mat.cpp">
      <Filter>nn Files\source</Filter>
    </ClCompile>
    <ClCompile Include="source\mat_pixel.cpp">
      <Filter>nn Files\source</Filter>
    </ClCompile>
    <ClCompile Include="source\mat_pixel_resize.cpp">
      <Filter>nn Files\source</Filter>
    </ClCompile>
    <ClCompile Include="source\modelbin.cpp">
      <Filter>nn Files\source</Filter>
    </ClCompile>
    <ClCompile Include="source\net.cpp">
      <Filter>nn Files\source</Filter>
    </ClCompile>
    <ClCompile Include="source\opencv.cpp">
      <Filter>nn Files\source</Filter>
    </ClCompile>
    <ClCompile Include="source\option.cpp">
      <Filter>nn Files\source</Filter>
    </ClCompile>
    <ClCompile Include="source\paramdict.cpp">
      <Filter>nn Files\source</Filter>
    </ClCompile>
    <ClCompile Include="source\pipeline.cpp">
      <Filter>nn Files\source</Filter>
    </ClCompile>
    <ClCompile Include="layer\yolov3detectionoutput.cpp">
      <Filter>nn Files\source\cpu_layers</Filter>
    </ClCompile>
    <ClCompile Include="layer\yolodetectionoutput.cpp">
      <Filter>nn Files\source\cpu_layers</Filter>
    </ClCompile>
    <ClCompile Include="layer\unaryop.cpp">
      <Filter>nn Files\source\cpu_layers</Filter>
    </ClCompile>
    <ClCompile Include="layer\tile.cpp">
      <Filter>nn Files\source\cpu_layers</Filter>
    </ClCompile>
    <ClCompile Include="layer\threshold.cpp">
      <Filter>nn Files\source\cpu_layers</Filter>
    </ClCompile>
    <ClCompile Include="layer\tanh.cpp">
      <Filter>nn Files\source\cpu_layers</Filter>
    </ClCompile>
    <ClCompile Include="layer\squeeze.cpp">
      <Filter>nn Files\source\cpu_layers</Filter>
    </ClCompile>
    <ClCompile Include="layer\spp.cpp">
      <Filter>nn Files\source\cpu_layers</Filter>
    </ClCompile>
    <ClCompile Include="layer\split.cpp">
      <Filter>nn Files\source\cpu_layers</Filter>
    </ClCompile>
    <ClCompile Include="layer\softmax.cpp">
      <Filter>nn Files\source\cpu_layers</Filter>
    </ClCompile>
    <ClCompile Include="layer\slice.cpp">
      <Filter>nn Files\source\cpu_layers</Filter>
    </ClCompile>
    <ClCompile Include="layer\sigmoid.cpp">
      <Filter>nn Files\source\cpu_layers</Filter>
    </ClCompile>
    <ClCompile Include="layer\shufflechannel.cpp">
      <Filter>nn Files\source\cpu_layers</Filter>
    </ClCompile>
    <ClCompile Include="layer\selu.cpp">
      <Filter>nn Files\source\cpu_layers</Filter>
    </ClCompile>
    <ClCompile Include="layer\scale.cpp">
      <Filter>nn Files\source\cpu_layers</Filter>
    </ClCompile>
    <ClCompile Include="layer\roipooling.cpp">
      <Filter>nn Files\source\cpu_layers</Filter>
    </ClCompile>
    <ClCompile Include="layer\roialign.cpp">
      <Filter>nn Files\source\cpu_layers</Filter>
    </ClCompile>
    <ClCompile Include="layer\rnn.cpp">
      <Filter>nn Files\source\cpu_layers</Filter>
    </ClCompile>
    <ClCompile Include="layer\reshape.cpp">
      <Filter>nn Files\source\cpu_layers</Filter>
    </ClCompile>
    <ClCompile Include="layer\requantize.cpp">
      <Filter>nn Files\source\cpu_layers</Filter>
    </ClCompile>
    <ClCompile Include="layer\reorg.cpp">
      <Filter>nn Files\source\cpu_layers</Filter>
    </ClCompile>
    <ClCompile Include="layer\relu.cpp">
      <Filter>nn Files\source\cpu_layers</Filter>
    </ClCompile>
    <ClCompile Include="layer\reduction.cpp">
      <Filter>nn Files\source\cpu_layers</Filter>
    </ClCompile>
    <ClCompile Include="layer\quantize.cpp">
      <Filter>nn Files\source\cpu_layers</Filter>
    </ClCompile>
    <ClCompile Include="layer\psroipooling.cpp">
      <Filter>nn Files\source\cpu_layers</Filter>
    </ClCompile>
    <ClCompile Include="layer\proposal.cpp">
      <Filter>nn Files\source\cpu_layers</Filter>
    </ClCompile>
    <ClCompile Include="layer\priorbox.cpp">
      <Filter>nn Files\source\cpu_layers</Filter>
    </ClCompile>
    <ClCompile Include="layer\prelu.cpp">
      <Filter>nn Files\source\cpu_layers</Filter>
    </ClCompile>
    <ClCompile Include="layer\power.cpp">
      <Filter>nn Files\source\cpu_layers</Filter>
    </ClCompile>
    <ClCompile Include="layer\pooling.cpp">
      <Filter>nn Files\source\cpu_layers</Filter>
    </ClCompile>
    <ClCompile Include="layer\permute.cpp">
      <Filter>nn Files\source\cpu_layers</Filter>
    </ClCompile>
    <ClCompile Include="layer\padding.cpp">
      <Filter>nn Files\source\cpu_layers</Filter>
    </ClCompile>
    <ClCompile Include="layer\packing.cpp">
      <Filter>nn Files\source\cpu_layers</Filter>
    </ClCompile>
    <ClCompile Include="layer\normalize.cpp">
      <Filter>nn Files\source\cpu_layers</Filter>
    </ClCompile>
    <ClCompile Include="layer\mvn.cpp">
      <Filter>nn Files\source\cpu_layers</Filter>
    </ClCompile>
    <ClCompile Include="layer\memorydata.cpp">
      <Filter>nn Files\source\cpu_layers</Filter>
    </ClCompile>
    <ClCompile Include="layer\lstm.cpp">
      <Filter>nn Files\source\cpu_layers</Filter>
    </ClCompile>
    <ClCompile Include="layer\lrn.cpp">
      <Filter>nn Files\source\cpu_layers</Filter>
    </ClCompile>
    <ClCompile Include="layer\log.cpp">
      <Filter>nn Files\source\cpu_layers</Filter>
    </ClCompile>
    <ClCompile Include="layer\interp.cpp">
      <Filter>nn Files\source\cpu_layers</Filter>
    </ClCompile>
    <ClCompile Include="layer\instancenorm.cpp">
      <Filter>nn Files\source\cpu_layers</Filter>
    </ClCompile>
    <ClCompile Include="layer\input.cpp">
      <Filter>nn Files\source\cpu_layers</Filter>
    </ClCompile>
    <ClCompile Include="layer\innerproduct.cpp">
      <Filter>nn Files\source\cpu_layers</Filter>
    </ClCompile>
    <ClCompile Include="layer\hardsigmoid.cpp">
      <Filter>nn Files\source\cpu_layers</Filter>
    </ClCompile>
    <ClCompile Include="layer\flatten.cpp">
      <Filter>nn Files\source\cpu_layers</Filter>
    </ClCompile>
    <ClCompile Include="layer\expanddims.cpp">
      <Filter>nn Files\source\cpu_layers</Filter>
    </ClCompile>
    <ClCompile Include="layer\exp.cpp">
      <Filter>nn Files\source\cpu_layers</Filter>
    </ClCompile>
    <ClCompile Include="layer\embed.cpp">
      <Filter>nn Files\source\cpu_layers</Filter>
    </ClCompile>
    <ClCompile Include="layer\elu.cpp">
      <Filter>nn Files\source\cpu_layers</Filter>
    </ClCompile>
    <ClCompile Include="layer\eltwise.cpp">
      <Filter>nn Files\source\cpu_layers</Filter>
    </ClCompile>
    <ClCompile Include="layer\dropout.cpp">
      <Filter>nn Files\source\cpu_layers</Filter>
    </ClCompile>
    <ClCompile Include="layer\detectionoutput.cpp">
      <Filter>nn Files\source\cpu_layers</Filter>
    </ClCompile>
    <ClCompile Include="layer\dequantize.cpp">
      <Filter>nn Files\source\cpu_layers</Filter>
    </ClCompile>
    <ClCompile Include="layer\deconvolutiondepthwise.cpp">
      <Filter>nn Files\source\cpu_layers</Filter>
    </ClCompile>
    <ClCompile Include="layer\deconvolution.cpp">
      <Filter>nn Files\source\cpu_layers</Filter>
    </ClCompile>
    <ClCompile Include="layer\crop.cpp">
      <Filter>nn Files\source\cpu_layers</Filter>
    </ClCompile>
    <ClCompile Include="layer\convolutiondepthwise.cpp">
      <Filter>nn Files\source\cpu_layers</Filter>
    </ClCompile>
    <ClCompile Include="layer\convolution.cpp">
      <Filter>nn Files\source\cpu_layers</Filter>
    </ClCompile>
    <ClCompile Include="layer\concat.cpp">
      <Filter>nn Files\source\cpu_layers</Filter>
    </ClCompile>
    <ClCompile Include="layer\clip.cpp">
      <Filter>nn Files\source\cpu_layers</Filter>
    </ClCompile>
    <ClCompile Include="layer\cast.cpp">
      <Filter>nn Files\source\cpu_layers</Filter>
    </ClCompile>
    <ClCompile Include="layer\bnll.cpp">
      <Filter>nn Files\source\cpu_layers</Filter>
    </ClCompile>
    <ClCompile Include="layer\binaryop.cpp">
      <Filter>nn Files\source\cpu_layers</Filter>
    </ClCompile>
    <ClCompile Include="layer\bias.cpp">
      <Filter>nn Files\source\cpu_layers</Filter>
    </ClCompile>
    <ClCompile Include="layer\batchnorm.cpp">
      <Filter>nn Files\source\cpu_layers</Filter>
    </ClCompile>
    <ClCompile Include="layer\argmax.cpp">
      <Filter>nn Files\source\cpu_layers</Filter>
    </ClCompile>
    <ClCompile Include="layer\absval.cpp">
      <Filter>nn Files\source\cpu_layers</Filter>
    </ClCompile>
    <ClCompile Include="layer\vulkan\absval_vulkan.cpp">
      <Filter>nn Files\source\vk_layers</Filter>
    </ClCompile>
    <ClCompile Include="layer\vulkan\batchnorm_vulkan.cpp">
      <Filter>nn Files\source\vk_layers</Filter>
    </ClCompile>
    <ClCompile Include="layer\vulkan\binaryop_vulkan.cpp">
      <Filter>nn Files\source\vk_layers</Filter>
    </ClCompile>
    <ClCompile Include="layer\vulkan\cast_vulkan.cpp">
      <Filter>nn Files\source\vk_layers</Filter>
    </ClCompile>
    <ClCompile Include="layer\vulkan\clip_vulkan.cpp">
      <Filter>nn Files\source\vk_layers</Filter>
    </ClCompile>
    <ClCompile Include="layer\vulkan\concat_vulkan.cpp">
      <Filter>nn Files\source\vk_layers</Filter>
    </ClCompile>
    <ClCompile Include="layer\vulkan\convolution_vulkan.cpp">
      <Filter>nn Files\source\vk_layers</Filter>
    </ClCompile>
    <ClCompile Include="layer\vulkan\convolutiondepthwise_vulkan.cpp">
      <Filter>nn Files\source\vk_layers</Filter>
    </ClCompile>
    <ClCompile Include="layer\vulkan\crop_vulkan.cpp">
      <Filter>nn Files\source\vk_layers</Filter>
    </ClCompile>
    <ClCompile Include="layer\vulkan\deconvolution_vulkan.cpp">
      <Filter>nn Files\source\vk_layers</Filter>
    </ClCompile>
    <ClCompile Include="layer\vulkan\deconvolutiondepthwise_vulkan.cpp">
      <Filter>nn Files\source\vk_layers</Filter>
    </ClCompile>
    <ClCompile Include="layer\vulkan\dropout_vulkan.cpp">
      <Filter>nn Files\source\vk_layers</Filter>
    </ClCompile>
    <ClCompile Include="layer\vulkan\eltwise_vulkan.cpp">
      <Filter>nn Files\source\vk_layers</Filter>
    </ClCompile>
    <ClCompile Include="layer\vulkan\flatten_vulkan.cpp">
      <Filter>nn Files\source\vk_layers</Filter>
    </ClCompile>
    <ClCompile Include="layer\vulkan\hardsigmoid_vulkan.cpp">
      <Filter>nn Files\source\vk_layers</Filter>
    </ClCompile>
    <ClCompile Include="layer\vulkan\innerproduct_vulkan.cpp">
      <Filter>nn Files\source\vk_layers</Filter>
    </ClCompile>
    <ClCompile Include="layer\vulkan\interp_vulkan.cpp">
      <Filter>nn Files\source\vk_layers</Filter>
    </ClCompile>
    <ClCompile Include="layer\vulkan\lrn_vulkan.cpp">
      <Filter>nn Files\source\vk_layers</Filter>
    </ClCompile>
    <ClCompile Include="layer\vulkan\packing_vulkan.cpp">
      <Filter>nn Files\source\vk_layers</Filter>
    </ClCompile>
    <ClCompile Include="layer\vulkan\padding_vulkan.cpp">
      <Filter>nn Files\source\vk_layers</Filter>
    </ClCompile>
    <ClCompile Include="layer\vulkan\permute_vulkan.cpp">
      <Filter>nn Files\source\vk_layers</Filter>
    </ClCompile>
    <ClCompile Include="layer\vulkan\pooling_vulkan.cpp">
      <Filter>nn Files\source\vk_layers</Filter>
    </ClCompile>
    <ClCompile Include="layer\vulkan\prelu_vulkan.cpp">
      <Filter>nn Files\source\vk_layers</Filter>
    </ClCompile>
    <ClCompile Include="layer\vulkan\priorbox_vulkan.cpp">
      <Filter>nn Files\source\vk_layers</Filter>
    </ClCompile>
    <ClCompile Include="layer\vulkan\relu_vulkan.cpp">
      <Filter>nn Files\source\vk_layers</Filter>
    </ClCompile>
    <ClCompile Include="layer\vulkan\reorg_vulkan.cpp">
      <Filter>nn Files\source\vk_layers</Filter>
    </ClCompile>
    <ClCompile Include="layer\vulkan\reshape_vulkan.cpp">
      <Filter>nn Files\source\vk_layers</Filter>
    </ClCompile>
    <ClCompile Include="layer\vulkan\scale_vulkan.cpp">
      <Filter>nn Files\source\vk_layers</Filter>
    </ClCompile>
    <ClCompile Include="layer\vulkan\shufflechannel_vulkan.cpp">
      <Filter>nn Files\source\vk_layers</Filter>
    </ClCompile>
    <ClCompile Include="layer\vulkan\sigmoid_vulkan.cpp">
      <Filter>nn Files\source\vk_layers</Filter>
    </ClCompile>
    <ClCompile Include="layer\vulkan\softmax_vulkan.cpp">
      <Filter>nn Files\source\vk_layers</Filter>
    </ClCompile>
    <ClCompile Include="layer\vulkan\tanh_vulkan.cpp">
      <Filter>nn Files\source\vk_layers</Filter>
    </ClCompile>
    <ClCompile Include="layer\vulkan\unaryop_vulkan.cpp">
      <Filter>nn Files\source\vk_layers</Filter>
    </ClCompile>
    <ClCompile Include="layer\x86\convolution_x86.cpp">
      <Filter>nn Files\source\x86</Filter>
    </ClCompile>
    <ClCompile Include="layer\x86\convolutiondepthwise_x86.cpp">
      <Filter>nn Files\source\x86</Filter>
    </ClCompile>
  </ItemGroup>
  <ItemGroup>
    <ClInclude Include="layer\vulkan\absval_vulkan.h">
      <Filter>nn Files\headers\vk_layers</Filter>
    </ClInclude>
    <ClInclude Include="layer\vulkan\batchnorm_vulkan.h">
      <Filter>nn Files\headers\vk_layers</Filter>
    </ClInclude>
    <ClInclude Include="layer\vulkan\binaryop_vulkan.h">
      <Filter>nn Files\headers\vk_layers</Filter>
    </ClInclude>
    <ClInclude Include="layer\vulkan\cast_vulkan.h">
      <Filter>nn Files\headers\vk_layers</Filter>
    </ClInclude>
    <ClInclude Include="layer\vulkan\clip_vulkan.h">
      <Filter>nn Files\headers\vk_layers</Filter>
    </ClInclude>
    <ClInclude Include="layer\vulkan\concat_vulkan.h">
      <Filter>nn Files\headers\vk_layers</Filter>
    </ClInclude>
    <ClInclude Include="layer\vulkan\convolution_vulkan.h">
      <Filter>nn Files\headers\vk_layers</Filter>
    </ClInclude>
    <ClInclude Include="layer\vulkan\convolutiondepthwise_vulkan.h">
      <Filter>nn Files\headers\vk_layers</Filter>
    </ClInclude>
    <ClInclude Include="layer\vulkan\crop_vulkan.h">
      <Filter>nn Files\headers\vk_layers</Filter>
    </ClInclude>
    <ClInclude Include="layer\vulkan\deconvolution_vulkan.h">
      <Filter>nn Files\headers\vk_layers</Filter>
    </ClInclude>
    <ClInclude Include="layer\vulkan\deconvolutiondepthwise_vulkan.h">
      <Filter>nn Files\headers\vk_layers</Filter>
    </ClInclude>
    <ClInclude Include="layer\vulkan\dropout_vulkan.h">
      <Filter>nn Files\headers\vk_layers</Filter>
    </ClInclude>
    <ClInclude Include="layer\vulkan\eltwise_vulkan.h">
      <Filter>nn Files\headers\vk_layers</Filter>
    </ClInclude>
    <ClInclude Include="layer\vulkan\flatten_vulkan.h">
      <Filter>nn Files\headers\vk_layers</Filter>
    </ClInclude>
    <ClInclude Include="layer\vulkan\hardsigmoid_vulkan.h">
      <Filter>nn Files\headers\vk_layers</Filter>
    </ClInclude>
    <ClInclude Include="layer\vulkan\innerproduct_vulkan.h">
      <Filter>nn Files\headers\vk_layers</Filter>
    </ClInclude>
    <ClInclude Include="layer\vulkan\interp_vulkan.h">
      <Filter>nn Files\headers\vk_layers</Filter>
    </ClInclude>
    <ClInclude Include="layer\vulkan\lrn_vulkan.h">
      <Filter>nn Files\headers\vk_layers</Filter>
    </ClInclude>
    <ClInclude Include="layer\vulkan\packing_vulkan.h">
      <Filter>nn Files\headers\vk_layers</Filter>
    </ClInclude>
    <ClInclude Include="layer\vulkan\padding_vulkan.h">
      <Filter>nn Files\headers\vk_layers</Filter>
    </ClInclude>
    <ClInclude Include="layer\vulkan\permute_vulkan.h">
      <Filter>nn Files\headers\vk_layers</Filter>
    </ClInclude>
    <ClInclude Include="layer\vulkan\pooling_vulkan.h">
      <Filter>nn Files\headers\vk_layers</Filter>
    </ClInclude>
    <ClInclude Include="layer\vulkan\prelu_vulkan.h">
      <Filter>nn Files\headers\vk_layers</Filter>
    </ClInclude>
    <ClInclude Include="layer\vulkan\priorbox_vulkan.h">
      <Filter>nn Files\headers\vk_layers</Filter>
    </ClInclude>
    <ClInclude Include="layer\vulkan\relu_vulkan.h">
      <Filter>nn Files\headers\vk_layers</Filter>
    </ClInclude>
    <ClInclude Include="layer\vulkan\reorg_vulkan.h">
      <Filter>nn Files\headers\vk_layers</Filter>
    </ClInclude>
    <ClInclude Include="layer\vulkan\reshape_vulkan.h">
      <Filter>nn Files\headers\vk_layers</Filter>
    </ClInclude>
    <ClInclude Include="layer\vulkan\scale_vulkan.h">
      <Filter>nn Files\headers\vk_layers</Filter>
    </ClInclude>
    <ClInclude Include="layer\vulkan\shufflechannel_vulkan.h">
      <Filter>nn Files\headers\vk_layers</Filter>
    </ClInclude>
    <ClInclude Include="layer\vulkan\sigmoid_vulkan.h">
      <Filter>nn Files\headers\vk_layers</Filter>
    </ClInclude>
    <ClInclude Include="layer\vulkan\softmax_vulkan.h">
      <Filter>nn Files\headers\vk_layers</Filter>
    </ClInclude>
    <ClInclude Include="layer\vulkan\tanh_vulkan.h">
      <Filter>nn Files\headers\vk_layers</Filter>
    </ClInclude>
    <ClInclude Include="layer\vulkan\unaryop_vulkan.h">
      <Filter>nn Files\headers\vk_layers</Filter>
    </ClInclude>
    <ClInclude Include="layer\absval.h">
      <Filter>nn Files\headers\cpu_layers</Filter>
    </ClInclude>
    <ClInclude Include="layer\argmax.h">
      <Filter>nn Files\headers\cpu_layers</Filter>
    </ClInclude>
    <ClInclude Include="layer\batchnorm.h">
      <Filter>nn Files\headers\cpu_layers</Filter>
    </ClInclude>
    <ClInclude Include="layer\bias.h">
      <Filter>nn Files\headers\cpu_layers</Filter>
    </ClInclude>
    <ClInclude Include="layer\binaryop.h">
      <Filter>nn Files\headers\cpu_layers</Filter>
    </ClInclude>
    <ClInclude Include="layer\bnll.h">
      <Filter>nn Files\headers\cpu_layers</Filter>
    </ClInclude>
    <ClInclude Include="layer\cast.h">
      <Filter>nn Files\headers\cpu_layers</Filter>
    </ClInclude>
    <ClInclude Include="layer\clip.h">
      <Filter>nn Files\headers\cpu_layers</Filter>
    </ClInclude>
    <ClInclude Include="layer\concat.h">
      <Filter>nn Files\headers\cpu_layers</Filter>
    </ClInclude>
    <ClInclude Include="layer\convolution.h">
      <Filter>nn Files\headers\cpu_layers</Filter>
    </ClInclude>
    <ClInclude Include="layer\convolutiondepthwise.h">
      <Filter>nn Files\headers\cpu_layers</Filter>
    </ClInclude>
    <ClInclude Include="layer\crop.h">
      <Filter>nn Files\headers\cpu_layers</Filter>
    </ClInclude>
    <ClInclude Include="layer\deconvolution.h">
      <Filter>nn Files\headers\cpu_layers</Filter>
    </ClInclude>
    <ClInclude Include="layer\deconvolutiondepthwise.h">
      <Filter>nn Files\headers\cpu_layers</Filter>
    </ClInclude>
    <ClInclude Include="layer\dequantize.h">
      <Filter>nn Files\headers\cpu_layers</Filter>
    </ClInclude>
    <ClInclude Include="layer\detectionoutput.h">
      <Filter>nn Files\headers\cpu_layers</Filter>
    </ClInclude>
    <ClInclude Include="layer\dropout.h">
      <Filter>nn Files\headers\cpu_layers</Filter>
    </ClInclude>
    <ClInclude Include="layer\eltwise.h">
      <Filter>nn Files\headers\cpu_layers</Filter>
    </ClInclude>
    <ClInclude Include="layer\elu.h">
      <Filter>nn Files\headers\cpu_layers</Filter>
    </ClInclude>
    <ClInclude Include="layer\embed.h">
      <Filter>nn Files\headers\cpu_layers</Filter>
    </ClInclude>
    <ClInclude Include="layer\exp.h">
      <Filter>nn Files\headers\cpu_layers</Filter>
    </ClInclude>
    <ClInclude Include="layer\expanddims.h">
      <Filter>nn Files\headers\cpu_layers</Filter>
    </ClInclude>
    <ClInclude Include="layer\flatten.h">
      <Filter>nn Files\headers\cpu_layers</Filter>
    </ClInclude>
    <ClInclude Include="layer\hardsigmoid.h">
      <Filter>nn Files\headers\cpu_layers</Filter>
    </ClInclude>
    <ClInclude Include="layer\innerproduct.h">
      <Filter>nn Files\headers\cpu_layers</Filter>
    </ClInclude>
    <ClInclude Include="layer\input.h">
      <Filter>nn Files\headers\cpu_layers</Filter>
    </ClInclude>
    <ClInclude Include="layer\instancenorm.h">
      <Filter>nn Files\headers\cpu_layers</Filter>
    </ClInclude>
    <ClInclude Include="layer\interp.h">
      <Filter>nn Files\headers\cpu_layers</Filter>
    </ClInclude>
    <ClInclude Include="layer\log.h">
      <Filter>nn Files\headers\cpu_layers</Filter>
    </ClInclude>
    <ClInclude Include="layer\lrn.h">
      <Filter>nn Files\headers\cpu_layers</Filter>
    </ClInclude>
    <ClInclude Include="layer\lstm.h">
      <Filter>nn Files\headers\cpu_layers</Filter>
    </ClInclude>
    <ClInclude Include="layer\memorydata.h">
      <Filter>nn Files\headers\cpu_layers</Filter>
    </ClInclude>
    <ClInclude Include="layer\mvn.h">
      <Filter>nn Files\headers\cpu_layers</Filter>
    </ClInclude>
    <ClInclude Include="layer\normalize.h">
      <Filter>nn Files\headers\cpu_layers</Filter>
    </ClInclude>
    <ClInclude Include="layer\packing.h">
      <Filter>nn Files\headers\cpu_layers</Filter>
    </ClInclude>
    <ClInclude Include="layer\padding.h">
      <Filter>nn Files\headers\cpu_layers</Filter>
    </ClInclude>
    <ClInclude Include="layer\permute.h">
      <Filter>nn Files\headers\cpu_layers</Filter>
    </ClInclude>
    <ClInclude Include="layer\pooling.h">
      <Filter>nn Files\headers\cpu_layers</Filter>
    </ClInclude>
    <ClInclude Include="layer\power.h">
      <Filter>nn Files\headers\cpu_layers</Filter>
    </ClInclude>
    <ClInclude Include="layer\prelu.h">
      <Filter>nn Files\headers\cpu_layers</Filter>
    </ClInclude>
    <ClInclude Include="layer\priorbox.h">
      <Filter>nn Files\headers\cpu_layers</Filter>
    </ClInclude>
    <ClInclude Include="layer\proposal.h">
      <Filter>nn Files\headers\cpu_layers</Filter>
    </ClInclude>
    <ClInclude Include="layer\psroipooling.h">
      <Filter>nn Files\headers\cpu_layers</Filter>
    </ClInclude>
    <ClInclude Include="layer\quantize.h">
      <Filter>nn Files\headers\cpu_layers</Filter>
    </ClInclude>
    <ClInclude Include="layer\reduction.h">
      <Filter>nn Files\headers\cpu_layers</Filter>
    </ClInclude>
    <ClInclude Include="layer\relu.h">
      <Filter>nn Files\headers\cpu_layers</Filter>
    </ClInclude>
    <ClInclude Include="layer\reorg.h">
      <Filter>nn Files\headers\cpu_layers</Filter>
    </ClInclude>
    <ClInclude Include="layer\requantize.h">
      <Filter>nn Files\headers\cpu_layers</Filter>
    </ClInclude>
    <ClInclude Include="layer\reshape.h">
      <Filter>nn Files\headers\cpu_layers</Filter>
    </ClInclude>
    <ClInclude Include="layer\rnn.h">
      <Filter>nn Files\headers\cpu_layers</Filter>
    </ClInclude>
    <ClInclude Include="layer\roialign.h">
      <Filter>nn Files\headers\cpu_layers</Filter>
    </ClInclude>
    <ClInclude Include="layer\roipooling.h">
      <Filter>nn Files\headers\cpu_layers</Filter>
    </ClInclude>
    <ClInclude Include="layer\scale.h">
      <Filter>nn Files\headers\cpu_layers</Filter>
    </ClInclude>
    <ClInclude Include="layer\selu.h">
      <Filter>nn Files\headers\cpu_layers</Filter>
    </ClInclude>
    <ClInclude Include="layer\shufflechannel.h">
      <Filter>nn Files\headers\cpu_layers</Filter>
    </ClInclude>
    <ClInclude Include="layer\sigmoid.h">
      <Filter>nn Files\headers\cpu_layers</Filter>
    </ClInclude>
    <ClInclude Include="layer\slice.h">
      <Filter>nn Files\headers\cpu_layers</Filter>
    </ClInclude>
    <ClInclude Include="layer\softmax.h">
      <Filter>nn Files\headers\cpu_layers</Filter>
    </ClInclude>
    <ClInclude Include="layer\split.h">
      <Filter>nn Files\headers\cpu_layers</Filter>
    </ClInclude>
    <ClInclude Include="layer\spp.h">
      <Filter>nn Files\headers\cpu_layers</Filter>
    </ClInclude>
    <ClInclude Include="layer\squeeze.h">
      <Filter>nn Files\headers\cpu_layers</Filter>
    </ClInclude>
    <ClInclude Include="layer\tanh.h">
      <Filter>nn Files\headers\cpu_layers</Filter>
    </ClInclude>
    <ClInclude Include="layer\threshold.h">
      <Filter>nn Files\headers\cpu_layers</Filter>
    </ClInclude>
    <ClInclude Include="layer\tile.h">
      <Filter>nn Files\headers\cpu_layers</Filter>
    </ClInclude>
    <ClInclude Include="layer\unaryop.h">
      <Filter>nn Files\headers\cpu_layers</Filter>
    </ClInclude>
    <ClInclude Include="layer\yolodetectionoutput.h">
      <Filter>nn Files\headers\cpu_layers</Filter>
    </ClInclude>
    <ClInclude Include="layer\yolov3detectionoutput.h">
      <Filter>nn Files\headers\cpu_layers</Filter>
    </ClInclude>
    <ClInclude Include="header\allocator.h">
      <Filter>nn Files\headers</Filter>
    </ClInclude>
    <ClInclude Include="header\benchmark.h">
      <Filter>nn Files\headers</Filter>
    </ClInclude>
    <ClInclude Include="header\blob.h">
      <Filter>nn Files\headers</Filter>
    </ClInclude>
    <ClInclude Include="header\command.h">
      <Filter>nn Files\headers</Filter>
    </ClInclude>
    <ClInclude Include="header\cpu.h">
      <Filter>nn Files\headers</Filter>
    </ClInclude>
    <ClInclude Include="header\gpu.h">
      <Filter>nn Files\headers</Filter>
    </ClInclude>
    <ClInclude Include="header\layer.h">
      <Filter>nn Files\headers</Filter>
    </ClInclude>
    <ClInclude Include="header\layer_declaration.h">
      <Filter>nn Files\headers</Filter>
    </ClInclude>
    <ClInclude Include="header\layer_registry.h">
      <Filter>nn Files\headers</Filter>
    </ClInclude>
    <ClInclude Include="header\layer_shader_registry.h">
      <Filter>nn Files\headers</Filter>
    </ClInclude>
    <ClInclude Include="header\layer_shader_spv_data.h">
      <Filter>nn Files\headers</Filter>
    </ClInclude>
    <ClInclude Include="header\layer_type.h">
      <Filter>nn Files\headers</Filter>
    </ClInclude>
    <ClInclude Include="header\layer_type_enum.h">
      <Filter>nn Files\headers</Filter>
    </ClInclude>
    <ClInclude Include="header\mat.h">
      <Filter>nn Files\headers</Filter>
    </ClInclude>
    <ClInclude Include="header\modelbin.h">
      <Filter>nn Files\headers</Filter>
    </ClInclude>
    <ClInclude Include="header\net.h">
      <Filter>nn Files\headers</Filter>
    </ClInclude>
    <ClInclude Include="header\opencv.h">
      <Filter>nn Files\headers</Filter>
    </ClInclude>
    <ClInclude Include="header\option.h">
      <Filter>nn Files\headers</Filter>
    </ClInclude>
    <ClInclude Include="header\paramdict.h">
      <Filter>nn Files\headers</Filter>
    </ClInclude>
    <ClInclude Include="header\pipeline.h">
      <Filter>nn Files\headers</Filter>
    </ClInclude>
    <ClInclude Include="header\platform.h">
      <Filter>nn Files\headers</Filter>
    </ClInclude>
    <ClInclude Include="layer\x86\avx_mathfun.h">
      <Filter>nn Files\headers\x86</Filter>
    </ClInclude>
    <ClInclude Include="layer\x86\convolution_1x1.h">
      <Filter>nn Files\headers\x86</Filter>
    </ClInclude>
    <ClInclude Include="layer\x86\convolution_1x1_int8.h">
      <Filter>nn Files\headers\x86</Filter>
    </ClInclude>
    <ClInclude Include="layer\x86\convolution_3x3.h">
      <Filter>nn Files\headers\x86</Filter>
    </ClInclude>
    <ClInclude Include="layer\x86\convolution_3x3_int8.h">
      <Filter>nn Files\headers\x86</Filter>
    </ClInclude>
    <ClInclude Include="layer\x86\convolution_5x5.h">
      <Filter>nn Files\headers\x86</Filter>
    </ClInclude>
    <ClInclude Include="layer\x86\convolution_5x5_int8.h">
      <Filter>nn Files\headers\x86</Filter>
    </ClInclude>
    <ClInclude Include="layer\x86\convolution_7x7.h">
      <Filter>nn Files\headers\x86</Filter>
    </ClInclude>
    <ClInclude Include="layer\x86\convolution_7x7_int8.h">
      <Filter>nn Files\headers\x86</Filter>
    </ClInclude>
    <ClInclude Include="layer\x86\convolution_sgemm.h">
      <Filter>nn Files\headers\x86</Filter>
    </ClInclude>
    <ClInclude Include="layer\x86\convolution_sgemm_int8.h">
      <Filter>nn Files\headers\x86</Filter>
    </ClInclude>
    <ClInclude Include="layer\x86\convolution_x86.h">
      <Filter>nn Files\headers\x86</Filter>
    </ClInclude>
    <ClInclude Include="layer\x86\convolutiondepthwise_3x3.h">
      <Filter>nn Files\headers\x86</Filter>
    </ClInclude>
    <ClInclude Include="layer\x86\convolutiondepthwise_3x3_int8.h">
      <Filter>nn Files\headers\x86</Filter>
    </ClInclude>
    <ClInclude Include="layer\x86\convolutiondepthwise_x86.h">
      <Filter>nn Files\headers\x86</Filter>
    </ClInclude>
    <ClInclude Include="layer\x86\sse_mathfun.h">
      <Filter>nn Files\headers\x86</Filter>
    </ClInclude>
  </ItemGroup>
</Project>