<?xml version="1.0" encoding="utf-8"?>
<Project ToolsVersion="4.0" xmlns="http://schemas.microsoft.com/developer/msbuild/2003">
  <ItemGroup>
    <Filter Include="Source Files">
      <UniqueIdentifier>{4FC737F1-C7A5-4376-A066-2A32D752A2FF}</UniqueIdentifier>
      <Extensions>cpp;c;cc;cxx;def;odl;idl;hpj;bat;asm;asmx</Extensions>
    </Filter>
    <Filter Include="Header Files">
      <UniqueIdentifier>{93995380-89BD-4b04-88EB-625FBE52EBFB}</UniqueIdentifier>
      <Extensions>h;hh;hpp;hxx;hm;inl;inc;xsd</Extensions>
    </Filter>
    <Filter Include="Pipeline Files">
      <UniqueIdentifier>{1b2d7f93-30d2-4f25-8ecf-1c68d0c95f83}</UniqueIdentifier>
    </Filter>
    <Filter Include="Pipeline Files\Arr Files">
      <UniqueIdentifier>{dcf85554-a424-4b1d-af4a-146bbba3eb98}</UniqueIdentifier>
    </Filter>
  </ItemGroup>
  <ItemGroup>
    <ClCompile Include="vkFlow.cpp">
      <Filter>Source Files</Filter>
    </ClCompile>
    <ClCompile Include="pipeline\device.cpp">
      <Filter>Pipeline Files</Filter>
    </ClCompile>
    <ClCompile Include="pipeline\error.cpp">
      <Filter>Pipeline Files</Filter>
    </ClCompile>
    <ClCompile Include="pipeline\instance.cpp">
      <Filter>Pipeline Files</Filter>
    </ClCompile>
    <ClCompile Include="pipeline\utils.cpp">
      <Filter>Pipeline Files</Filter>
    </ClCompile>
    <ClCompile Include="linear_layer.cpp">
      <Filter>Source Files</Filter>
    </ClCompile>
  </ItemGroup>
  <ItemGroup>
    <ClInclude Include="pipeline\array.hpp">
      <Filter>Pipeline Files</Filter>
    </ClInclude>
    <ClInclude Include="pipeline\delayed.hpp">
      <Filter>Pipeline Files</Filter>
    </ClInclude>
    <ClInclude Include="pipeline\device.h">
      <Filter>Pipeline Files</Filter>
    </ClInclude>
    <ClInclude Include="pipeline\error.h">
      <Filter>Pipeline Files</Filter>
    </ClInclude>
    <ClInclude Include="pipeline\instance.h">
      <Filter>Pipeline Files</Filter>
    </ClInclude>
    <ClInclude Include="pipeline\pipeline.h">
      <Filter>Pipeline Files</Filter>
    </ClInclude>
    <ClInclude Include="pipeline\program.hpp">
      <Filter>Pipeline Files</Filter>
    </ClInclude>
    <ClInclude Include="pipeline\resource.hpp">
      <Filter>Pipeline Files</Filter>
    </ClInclude>
    <ClInclude Include="pipeline\traits.hpp">
      <Filter>Pipeline Files</Filter>
    </ClInclude>
    <ClInclude Include="pipeline\utils.h">
      <Filter>Pipeline Files</Filter>
    </ClInclude>
    <ClInclude Include="pipeline\arr\allocDevice.hpp">
      <Filter>Pipeline Files\Arr Files</Filter>
    </ClInclude>
    <ClInclude Include="pipeline\arr\arrayIter.hpp">
      <Filter>Pipeline Files\Arr Files</Filter>
    </ClInclude>
    <ClInclude Include="pipeline\arr\arrayProperties.h">
      <Filter>Pipeline Files\Arr Files</Filter>
    </ClInclude>
    <ClInclude Include="pipeline\arr\arrayUtils.h">
      <Filter>Pipeline Files\Arr Files</Filter>
    </ClInclude>
    <ClInclude Include="pipeline\arr\arrayView.hpp">
      <Filter>Pipeline Files\Arr Files</Filter>
    </ClInclude>
    <ClInclude Include="pipeline\arr\basicArray.hpp">
      <Filter>Pipeline Files\Arr Files</Filter>
    </ClInclude>
    <ClInclude Include="pipeline\arr\copy_async.hpp">
      <Filter>Pipeline Files\Arr Files</Filter>
    </ClInclude>
    <ClInclude Include="pipeline\arr\deviceArray.hpp">
      <Filter>Pipeline Files\Arr Files</Filter>
    </ClInclude>
    <ClInclude Include="pipeline\arr\hostArray.hpp">
      <Filter>Pipeline Files\Arr Files</Filter>
    </ClInclude>
    <ClInclude Include="documentaion.h">
      <Filter>Source Files</Filter>
    </ClInclude>
    <ClInclude Include="linear_layer.h">
      <Filter>Header Files</Filter>
    </ClInclude>
  </ItemGroup>
</Project>