<?xml version="1.0" encoding="utf-8"?>
<Project ToolsVersion="4.0" xmlns="http://schemas.microsoft.com/developer/msbuild/2003">
  <ItemGroup>
    <Filter Include="Resource Files">
      <UniqueIdentifier>{67DA6AB6-F800-4c08-8B7A-83BB121AAD01}</UniqueIdentifier>
      <Extensions>rc;ico;cur;bmp;dlg;rc2;rct;bin;rgs;gif;jpg;jpeg;jpe;resx;tiff;tif;png;wav;mfcribbon-ms</Extensions>
    </Filter>
    <Filter Include="Source Files">
      <UniqueIdentifier>{bd7efa67-1b3e-4e58-886f-b1f3374a6cb1}</UniqueIdentifier>
    </Filter>
    <Filter Include="Header Files">
      <UniqueIdentifier>{dfafffc6-0fbf-44d3-85d1-84bf7d8cd1c6}</UniqueIdentifier>
    </Filter>
    <Filter Include="Kernel FIles">
      <UniqueIdentifier>{4e85945a-68f3-47ca-ab2f-4fbe013928d9}</UniqueIdentifier>
    </Filter>
    <Filter Include="Kernel FIles\arr">
      <UniqueIdentifier>{d89a20d9-9390-41a4-a2f9-9fd4eb5831ad}</UniqueIdentifier>
    </Filter>
    <Filter Include="Shader Files">
      <UniqueIdentifier>{473686e0-1da6-46b1-ab58-941e26068580}</UniqueIdentifier>
    </Filter>
  </ItemGroup>
  <ItemGroup>
    <ClCompile Include="convolution.cpp">
      <Filter>Source Files</Filter>
    </ClCompile>
    <ClCompile Include="linear.cpp">
      <Filter>Source Files</Filter>
    </ClCompile>
    <ClCompile Include="rnn.cpp">
      <Filter>Source Files</Filter>
    </ClCompile>
    <ClCompile Include="vkFlow.cpp">
      <Filter>Source Files</Filter>
    </ClCompile>
    <ClCompile Include="kernel\device.cpp">
      <Filter>Kernel FIles</Filter>
    </ClCompile>
    <ClCompile Include="kernel\error.cpp">
      <Filter>Kernel FIles</Filter>
    </ClCompile>
    <ClCompile Include="kernel\instance.cpp">
      <Filter>Kernel FIles</Filter>
    </ClCompile>
    <ClCompile Include="kernel\utils.cpp">
      <Filter>Kernel FIles</Filter>
    </ClCompile>
  </ItemGroup>
  <ItemGroup>
    <ClInclude Include="convolution.h">
      <Filter>Header Files</Filter>
    </ClInclude>
    <ClInclude Include="layer.hpp">
      <Filter>Header Files</Filter>
    </ClInclude>
    <ClInclude Include="linear.h">
      <Filter>Header Files</Filter>
    </ClInclude>
    <ClInclude Include="rnn.h">
      <Filter>Header Files</Filter>
    </ClInclude>
    <ClInclude Include="utils.hpp">
      <Filter>Header Files</Filter>
    </ClInclude>
    <ClInclude Include="kernel\array.hpp">
      <Filter>Kernel FIles</Filter>
    </ClInclude>
    <ClInclude Include="kernel\delayed.hpp">
      <Filter>Kernel FIles</Filter>
    </ClInclude>
    <ClInclude Include="kernel\device.h">
      <Filter>Kernel FIles</Filter>
    </ClInclude>
    <ClInclude Include="kernel\error.h">
      <Filter>Kernel FIles</Filter>
    </ClInclude>
    <ClInclude Include="kernel\instance.h">
      <Filter>Kernel FIles</Filter>
    </ClInclude>
    <ClInclude Include="kernel\kernel.h">
      <Filter>Kernel FIles</Filter>
    </ClInclude>
    <ClInclude Include="kernel\program.hpp">
      <Filter>Kernel FIles</Filter>
    </ClInclude>
    <ClInclude Include="kernel\resource.hpp">
      <Filter>Kernel FIles</Filter>
    </ClInclude>
    <ClInclude Include="kernel\traits.hpp">
      <Filter>Kernel FIles</Filter>
    </ClInclude>
    <ClInclude Include="kernel\utils.h">
      <Filter>Kernel FIles</Filter>
    </ClInclude>
    <ClInclude Include="kernel\arr\allocDevice.hpp">
      <Filter>Kernel FIles\arr</Filter>
    </ClInclude>
    <ClInclude Include="kernel\arr\arrayIter.hpp">
      <Filter>Kernel FIles\arr</Filter>
    </ClInclude>
    <ClInclude Include="kernel\arr\arrayProperties.h">
      <Filter>Kernel FIles\arr</Filter>
    </ClInclude>
    <ClInclude Include="kernel\arr\arrayUtils.h">
      <Filter>Kernel FIles\arr</Filter>
    </ClInclude>
    <ClInclude Include="kernel\arr\arrayView.hpp">
      <Filter>Kernel FIles\arr</Filter>
    </ClInclude>
    <ClInclude Include="kernel\arr\basicArray.hpp">
      <Filter>Kernel FIles\arr</Filter>
    </ClInclude>
    <ClInclude Include="kernel\arr\copy_async.hpp">
      <Filter>Kernel FIles\arr</Filter>
    </ClInclude>
    <ClInclude Include="kernel\arr\deviceArray.hpp">
      <Filter>Kernel FIles\arr</Filter>
    </ClInclude>
    <ClInclude Include="kernel\arr\hostArray.hpp">
      <Filter>Kernel FIles\arr</Filter>
    </ClInclude>
  </ItemGroup>
  <ItemGroup>
    <None Include="shaders\convolution_layer.glsl">
      <Filter>Shader Files</Filter>
    </None>
    <None Include="shaders\linear_layer.glsl">
      <Filter>Shader Files</Filter>
    </None>
    <None Include="shaders\rnn_layer.glsl">
      <Filter>Shader Files</Filter>
    </None>
  </ItemGroup>
</Project>